PODS:
  - AFNetworking (3.2.1):
    - AFNetworking/NSURLSession (= 3.2.1)
    - AFNetworking/Reachability (= 3.2.1)
    - AFNetworking/Security (= 3.2.1)
    - AFNetworking/Serialization (= 3.2.1)
    - AFNetworking/UIKit (= 3.2.1)
  - AFNetworking/NSURLSession (3.2.1):
    - AFNetworking/Reachability
    - AFNetworking/Security
    - AFNetworking/Serialization
  - AFNetworking/Reachability (3.2.1)
  - AFNetworking/Security (3.2.1)
  - AFNetworking/Serialization (3.2.1)
  - AFNetworking/UIKit (3.2.1):
    - AFNetworking/NSURLSession
  - BGFMDB (2.0.13):
    - BGFMDB/BG (= 2.0.13)
    - BGFMDB/FMDB (= 2.0.13)
  - BGFMDB/BG (2.0.13):
    - BGFMDB/FMDB
  - BGFMDB/FMDB (2.0.13)
  - CYLTabBarController (1.28.4):
    - CYLTabBarController/Core (= 1.28.4)
  - CYLTabBarController/Core (1.28.4)
  - DateTools (2.0.0)
  - DZNEmptyDataSet (1.8.1)
  - EAIntroView (2.12.0):
    - EARestrictedScrollView (~> 1.1.0)
  - EARestrictedScrollView (1.1.0)
  - FDFullscreenPopGesture (1.1)
  - FLAnimatedImage (1.0.12)
  - HappyDNS (0.3.15)
  - HMSegmentedControl (1.5.5)
  - IGListKit (3.4.0):
    - IGListKit/Default (= 3.4.0)
  - IGListKit/Default (3.4.0):
    - IGListKit/Diffing
  - IGListKit/Diffing (3.4.0)
  - IQKeyboardManager (6.5.4)
  - JGProgressHUD (2.1)
  - Masonry (1.1.0)
  - MBProgressHUD (1.0.0)
  - MJRefresh (3.1.17)
  - MMMaterialDesignSpinner (0.2.5)
  - MZAppearance (1.1.6)
  - MZFormSheetPresentationController (2.4.3):
    - MZAppearance
  - PLPlayerKit (3.4.3):
    - PLPlayerKit/iphoneos (= 3.4.3)
  - PLPlayerKit/iphoneos (3.4.3)
  - PLShortVideoKit (3.0.0):
    - PLShortVideoKit/ex-libMuseProcessor (= 3.0.0)
    - PLShortVideoKit/libMuseProcessor (= 3.0.0)
    - Qiniu (= 7.2.5)
  - PLShortVideoKit/ex-libMuseProcessor (3.0.0):
    - Qiniu (= 7.2.5)
  - PLShortVideoKit/libMuseProcessor (3.0.0):
    - Qiniu (= 7.2.5)
  - PPNumberButton (0.8.0)
  - Qiniu (7.2.5):
    - HappyDNS (~> 0.3)
  - QMUIKit (4.0.3):
    - QMUIKit/QMUIComponents (= 4.0.3)
    - QMUIKit/QMUICore (= 4.0.3)
    - QMUIKit/QMUILog (= 4.0.3)
    - QMUIKit/QMUIMainFrame (= 4.0.3)
    - QMUIKit/QMUIWeakObjectContainer (= 4.0.3)
  - QMUIKit/QMUIComponents (4.0.3):
    - QMUIKit/QMUIComponents/NavigationBarTransition (= 4.0.3)
    - QMUIKit/QMUIComponents/QMUIAlertController (= 4.0.3)
    - QMUIKit/QMUIComponents/QMUIAnimation (= 4.0.3)
    - QMUIKit/QMUIComponents/QMUIAssetLibrary (= 4.0.3)
    - QMUIKit/QMUIComponents/QMUIBadge (= 4.0.3)
    - QMUIKit/QMUIComponents/QMUIButton (= 4.0.3)
    - QMUIKit/QMUIComponents/QMUICAAnimationExtension (= 4.0.3)
    - QMUIKit/QMUIComponents/QMUICellHeightCache (= 4.0.3)
    - QMUIKit/QMUIComponents/QMUICellHeightKeyCache (= 4.0.3)
    - QMUIKit/QMUIComponents/QMUICellSizeKeyCache (= 4.0.3)
    - QMUIKit/QMUIComponents/QMUICollectionViewPagingLayout (= 4.0.3)
    - QMUIKit/QMUIComponents/QMUIConsole (= 4.0.3)
    - QMUIKit/QMUIComponents/QMUIDialogViewController (= 4.0.3)
    - QMUIKit/QMUIComponents/QMUIEmotionInputManager (= 4.0.3)
    - QMUIKit/QMUIComponents/QMUIEmotionView (= 4.0.3)
    - QMUIKit/QMUIComponents/QMUIEmptyView (= 4.0.3)
    - QMUIKit/QMUIComponents/QMUIFillButton (= 4.0.3)
    - QMUIKit/QMUIComponents/QMUIFloatLayoutView (= 4.0.3)
    - QMUIKit/QMUIComponents/QMUIGhostButton (= 4.0.3)
    - QMUIKit/QMUIComponents/QMUIGridView (= 4.0.3)
    - QMUIKit/QMUIComponents/QMUIImagePickerLibrary (= 4.0.3)
    - QMUIKit/QMUIComponents/QMUIImagePreviewView (= 4.0.3)
    - QMUIKit/QMUIComponents/QMUIKeyboardManager (= 4.0.3)
    - QMUIKit/QMUIComponents/QMUILabel (= 4.0.3)
    - QMUIKit/QMUIComponents/QMUILinkButton (= 4.0.3)
    - QMUIKit/QMUIComponents/QMUILogManagerViewController (= 4.0.3)
    - QMUIKit/QMUIComponents/QMUILogWithConfigurationSupported (= 4.0.3)
    - QMUIKit/QMUIComponents/QMUIMarqueeLabel (= 4.0.3)
    - QMUIKit/QMUIComponents/QMUIModalPresentationViewController (= 4.0.3)
    - QMUIKit/QMUIComponents/QMUIMoreOperationController (= 4.0.3)
    - QMUIKit/QMUIComponents/QMUIMultipleDelegates (= 4.0.3)
    - QMUIKit/QMUIComponents/QMUINavigationButton (= 4.0.3)
    - QMUIKit/QMUIComponents/QMUINavigationTitleView (= 4.0.3)
    - QMUIKit/QMUIComponents/QMUIOrderedDictionary (= 4.0.3)
    - QMUIKit/QMUIComponents/QMUIPieProgressView (= 4.0.3)
    - QMUIKit/QMUIComponents/QMUIPopupContainerView (= 4.0.3)
    - QMUIKit/QMUIComponents/QMUIPopupMenuView (= 4.0.3)
    - QMUIKit/QMUIComponents/QMUIScrollAnimator (= 4.0.3)
    - QMUIKit/QMUIComponents/QMUISearchBar (= 4.0.3)
    - QMUIKit/QMUIComponents/QMUISearchController (= 4.0.3)
    - QMUIKit/QMUIComponents/QMUISegmentedControl (= 4.0.3)
    - QMUIKit/QMUIComponents/QMUISlider (= 4.0.3)
    - QMUIKit/QMUIComponents/QMUIStaticTableView (= 4.0.3)
    - QMUIKit/QMUIComponents/QMUITableView (= 4.0.3)
    - QMUIKit/QMUIComponents/QMUITableViewCell (= 4.0.3)
    - QMUIKit/QMUIComponents/QMUITableViewHeaderFooterView (= 4.0.3)
    - QMUIKit/QMUIComponents/QMUITableViewProtocols (= 4.0.3)
    - QMUIKit/QMUIComponents/QMUITestView (= 4.0.3)
    - QMUIKit/QMUIComponents/QMUITextField (= 4.0.3)
    - QMUIKit/QMUIComponents/QMUITextView (= 4.0.3)
    - QMUIKit/QMUIComponents/QMUITheme (= 4.0.3)
    - QMUIKit/QMUIComponents/QMUITips (= 4.0.3)
    - QMUIKit/QMUIComponents/QMUIToastView (= 4.0.3)
    - QMUIKit/QMUIComponents/QMUIToolbarButton (= 4.0.3)
    - QMUIKit/QMUIComponents/QMUIVisualEffectView (= 4.0.3)
    - QMUIKit/QMUIComponents/QMUIWindowSizeMonitor (= 4.0.3)
    - QMUIKit/QMUIComponents/QMUIZoomImageView (= 4.0.3)
    - QMUIKit/QMUICore
  - QMUIKit/QMUIComponents/NavigationBarTransition (4.0.3):
    - QMUIKit/QMUIComponents/QMUINavigationTitleView
    - QMUIKit/QMUICore
    - QMUIKit/QMUIMainFrame
  - QMUIKit/QMUIComponents/QMUIAlertController (4.0.3):
    - QMUIKit/QMUIComponents/QMUIButton
    - QMUIKit/QMUIComponents/QMUIModalPresentationViewController
    - QMUIKit/QMUIComponents/QMUITextField
    - QMUIKit/QMUICore
  - QMUIKit/QMUIComponents/QMUIAnimation (4.0.3):
    - QMUIKit/QMUICore
  - QMUIKit/QMUIComponents/QMUIAssetLibrary (4.0.3):
    - QMUIKit/QMUICore
  - QMUIKit/QMUIComponents/QMUIBadge (4.0.3):
    - QMUIKit/QMUIComponents/QMUILabel
    - QMUIKit/QMUICore
  - QMUIKit/QMUIComponents/QMUIButton (4.0.3):
    - QMUIKit/QMUICore
  - QMUIKit/QMUIComponents/QMUICAAnimationExtension (4.0.3):
    - QMUIKit/QMUIComponents/QMUIMultipleDelegates
    - QMUIKit/QMUICore
  - QMUIKit/QMUIComponents/QMUICellHeightCache (4.0.3):
    - QMUIKit/QMUIComponents/QMUITableViewProtocols
    - QMUIKit/QMUICore
  - QMUIKit/QMUIComponents/QMUICellHeightKeyCache (4.0.3):
    - QMUIKit/QMUIComponents/QMUIMultipleDelegates
    - QMUIKit/QMUIComponents/QMUITableViewProtocols
    - QMUIKit/QMUICore
  - QMUIKit/QMUIComponents/QMUICellSizeKeyCache (4.0.3):
    - QMUIKit/QMUIComponents/QMUIMultipleDelegates
    - QMUIKit/QMUICore
  - QMUIKit/QMUIComponents/QMUICollectionViewPagingLayout (4.0.3):
    - QMUIKit/QMUICore
  - QMUIKit/QMUIComponents/QMUIConsole (4.0.3):
    - QMUIKit/QMUIComponents/QMUIButton
    - QMUIKit/QMUIComponents/QMUICAAnimationExtension
    - QMUIKit/QMUIComponents/QMUIPopupMenuView
    - QMUIKit/QMUIComponents/QMUITextField
    - QMUIKit/QMUIComponents/QMUITextView
    - QMUIKit/QMUICore
  - QMUIKit/QMUIComponents/QMUIDialogViewController (4.0.3):
    - QMUIKit/QMUIComponents/QMUIButton
    - QMUIKit/QMUIComponents/QMUILabel
    - QMUIKit/QMUIComponents/QMUIModalPresentationViewController
    - QMUIKit/QMUIComponents/QMUINavigationTitleView
    - QMUIKit/QMUIComponents/QMUITableView
    - QMUIKit/QMUIComponents/QMUITableViewCell
    - QMUIKit/QMUIComponents/QMUITextField
    - QMUIKit/QMUICore
    - QMUIKit/QMUIMainFrame
  - QMUIKit/QMUIComponents/QMUIEmotionInputManager (4.0.3):
    - QMUIKit/QMUIComponents/QMUIEmotionView
    - QMUIKit/QMUICore
  - QMUIKit/QMUIComponents/QMUIEmotionView (4.0.3):
    - QMUIKit/QMUIComponents/QMUIButton
    - QMUIKit/QMUICore
  - QMUIKit/QMUIComponents/QMUIEmptyView (4.0.3):
    - QMUIKit/QMUIComponents/QMUIButton
    - QMUIKit/QMUICore
  - QMUIKit/QMUIComponents/QMUIFillButton (4.0.3):
    - QMUIKit/QMUIComponents/QMUIButton
    - QMUIKit/QMUICore
  - QMUIKit/QMUIComponents/QMUIFloatLayoutView (4.0.3):
    - QMUIKit/QMUICore
  - QMUIKit/QMUIComponents/QMUIGhostButton (4.0.3):
    - QMUIKit/QMUIComponents/QMUIButton
    - QMUIKit/QMUICore
  - QMUIKit/QMUIComponents/QMUIGridView (4.0.3):
    - QMUIKit/QMUICore
  - QMUIKit/QMUIComponents/QMUIImagePickerLibrary (4.0.3):
    - QMUIKit/QMUIComponents/QMUIAlertController
    - QMUIKit/QMUIComponents/QMUIAssetLibrary
    - QMUIKit/QMUIComponents/QMUIButton
    - QMUIKit/QMUIComponents/QMUIEmptyView
    - QMUIKit/QMUIComponents/QMUIImagePreviewView
    - QMUIKit/QMUIComponents/QMUINavigationButton
    - QMUIKit/QMUIComponents/QMUITableViewCell
    - QMUIKit/QMUIComponents/QMUIZoomImageView
    - QMUIKit/QMUICore
    - QMUIKit/QMUIMainFrame
  - QMUIKit/QMUIComponents/QMUIImagePreviewView (4.0.3):
    - QMUIKit/QMUIComponents/QMUIButton
    - QMUIKit/QMUIComponents/QMUICollectionViewPagingLayout
    - QMUIKit/QMUIComponents/QMUIEmptyView
    - QMUIKit/QMUIComponents/QMUIPieProgressView
    - QMUIKit/QMUIComponents/QMUIZoomImageView
    - QMUIKit/QMUICore
    - QMUIKit/QMUIMainFrame
  - QMUIKit/QMUIComponents/QMUIKeyboardManager (4.0.3):
    - QMUIKit/QMUICore
  - QMUIKit/QMUIComponents/QMUILabel (4.0.3):
    - QMUIKit/QMUICore
  - QMUIKit/QMUIComponents/QMUILinkButton (4.0.3):
    - QMUIKit/QMUIComponents/QMUIButton
    - QMUIKit/QMUICore
  - QMUIKit/QMUIComponents/QMUILogManagerViewController (4.0.3):
    - QMUIKit/QMUIComponents/QMUIPopupMenuView
    - QMUIKit/QMUIComponents/QMUISearchController
    - QMUIKit/QMUIComponents/QMUIStaticTableView
    - QMUIKit/QMUIComponents/QMUITableView
    - QMUIKit/QMUICore
    - QMUIKit/QMUIMainFrame
  - QMUIKit/QMUIComponents/QMUILogWithConfigurationSupported (4.0.3):
    - QMUIKit/QMUICore
  - QMUIKit/QMUIComponents/QMUIMarqueeLabel (4.0.3):
    - QMUIKit/QMUICore
  - QMUIKit/QMUIComponents/QMUIModalPresentationViewController (4.0.3):
    - QMUIKit/QMUIComponents/QMUIKeyboardManager
    - QMUIKit/QMUICore
  - QMUIKit/QMUIComponents/QMUIMoreOperationController (4.0.3):
    - QMUIKit/QMUIComponents/QMUIButton
    - QMUIKit/QMUIComponents/QMUIModalPresentationViewController
    - QMUIKit/QMUICore
  - QMUIKit/QMUIComponents/QMUIMultipleDelegates (4.0.3):
    - QMUIKit/QMUICore
  - QMUIKit/QMUIComponents/QMUINavigationButton (4.0.3):
    - QMUIKit/QMUICore
    - QMUIKit/QMUIMainFrame
  - QMUIKit/QMUIComponents/QMUINavigationTitleView (4.0.3):
    - QMUIKit/QMUIComponents/QMUIButton
    - QMUIKit/QMUICore
  - QMUIKit/QMUIComponents/QMUIOrderedDictionary (4.0.3):
    - QMUIKit/QMUICore
  - QMUIKit/QMUIComponents/QMUIPieProgressView (4.0.3):
    - QMUIKit/QMUICore
  - QMUIKit/QMUIComponents/QMUIPopupContainerView (4.0.3):
    - QMUIKit/QMUICore
    - QMUIKit/QMUIMainFrame
  - QMUIKit/QMUIComponents/QMUIPopupMenuView (4.0.3):
    - QMUIKit/QMUIComponents/QMUIButton
    - QMUIKit/QMUIComponents/QMUIPopupContainerView
    - QMUIKit/QMUICore
  - QMUIKit/QMUIComponents/QMUIScrollAnimator (4.0.3):
    - QMUIKit/QMUIComponents/QMUIMultipleDelegates
    - QMUIKit/QMUICore
  - QMUIKit/QMUIComponents/QMUISearchBar (4.0.3):
    - QMUIKit/QMUICore
  - QMUIKit/QMUIComponents/QMUISearchController (4.0.3):
    - QMUIKit/QMUIComponents/QMUIEmptyView
    - QMUIKit/QMUIComponents/QMUISearchBar
    - QMUIKit/QMUICore
    - QMUIKit/QMUIMainFrame
  - QMUIKit/QMUIComponents/QMUISegmentedControl (4.0.3):
    - QMUIKit/QMUICore
  - QMUIKit/QMUIComponents/QMUISlider (4.0.3):
    - QMUIKit/QMUICore
  - QMUIKit/QMUIComponents/QMUIStaticTableView (4.0.3):
    - QMUIKit/QMUIComponents/QMUIMultipleDelegates
    - QMUIKit/QMUIComponents/QMUITableViewCell
    - QMUIKit/QMUICore
  - QMUIKit/QMUIComponents/QMUITableView (4.0.3):
    - QMUIKit/QMUIComponents/QMUITableViewProtocols
    - QMUIKit/QMUICore
  - QMUIKit/QMUIComponents/QMUITableViewCell (4.0.3):
    - QMUIKit/QMUIComponents/QMUIButton
    - QMUIKit/QMUICore
  - QMUIKit/QMUIComponents/QMUITableViewHeaderFooterView (4.0.3):
    - QMUIKit/QMUICore
  - QMUIKit/QMUIComponents/QMUITableViewProtocols (4.0.3):
    - QMUIKit/QMUICore
  - QMUIKit/QMUIComponents/QMUITestView (4.0.3):
    - QMUIKit/QMUICore
  - QMUIKit/QMUIComponents/QMUITextField (4.0.3):
    - QMUIKit/QMUIComponents/QMUIMultipleDelegates
    - QMUIKit/QMUICore
  - QMUIKit/QMUIComponents/QMUITextView (4.0.3):
    - QMUIKit/QMUIComponents/QMUILabel
    - QMUIKit/QMUIComponents/QMUIMultipleDelegates
    - QMUIKit/QMUICore
  - QMUIKit/QMUIComponents/QMUITheme (4.0.3):
    - QMUIKit/QMUIComponents/QMUIAlertController
    - QMUIKit/QMUIComponents/QMUIButton
    - QMUIKit/QMUIComponents/QMUIConsole
    - QMUIKit/QMUIComponents/QMUIEmotionView
    - QMUIKit/QMUIComponents/QMUIEmptyView
    - QMUIKit/QMUIComponents/QMUIFillButton
    - QMUIKit/QMUIComponents/QMUIGhostButton
    - QMUIKit/QMUIComponents/QMUIGridView
    - QMUIKit/QMUIComponents/QMUIImagePickerLibrary
    - QMUIKit/QMUIComponents/QMUIImagePreviewView
    - QMUIKit/QMUIComponents/QMUILabel
    - QMUIKit/QMUIComponents/QMUILinkButton
    - QMUIKit/QMUIComponents/QMUIModalPresentationViewController
    - QMUIKit/QMUIComponents/QMUIPopupContainerView
    - QMUIKit/QMUIComponents/QMUIPopupMenuView
    - QMUIKit/QMUIComponents/QMUISlider
    - QMUIKit/QMUIComponents/QMUITextField
    - QMUIKit/QMUIComponents/QMUITextView
    - QMUIKit/QMUIComponents/QMUIToastView
    - QMUIKit/QMUIComponents/QMUIVisualEffectView
    - QMUIKit/QMUICore
  - QMUIKit/QMUIComponents/QMUITips (4.0.3):
    - QMUIKit/QMUIComponents/QMUIToastView
    - QMUIKit/QMUICore
  - QMUIKit/QMUIComponents/QMUIToastView (4.0.3):
    - QMUIKit/QMUIComponents/QMUIKeyboardManager
    - QMUIKit/QMUIComponents/QMUIVisualEffectView
    - QMUIKit/QMUICore
  - QMUIKit/QMUIComponents/QMUIToolbarButton (4.0.3):
    - QMUIKit/QMUICore
  - QMUIKit/QMUIComponents/QMUIVisualEffectView (4.0.3):
    - QMUIKit/QMUICore
  - QMUIKit/QMUIComponents/QMUIWindowSizeMonitor (4.0.3):
    - QMUIKit/QMUICore
  - QMUIKit/QMUIComponents/QMUIZoomImageView (4.0.3):
    - QMUIKit/QMUIComponents/QMUIAssetLibrary
    - QMUIKit/QMUIComponents/QMUIButton
    - QMUIKit/QMUIComponents/QMUIEmptyView
    - QMUIKit/QMUIComponents/QMUIPieProgressView
    - QMUIKit/QMUIComponents/QMUISlider
    - QMUIKit/QMUICore
  - QMUIKit/QMUICore (4.0.3):
    - QMUIKit/QMUILog
    - QMUIKit/QMUIWeakObjectContainer
  - QMUIKit/QMUILog (4.0.3)
  - QMUIKit/QMUIMainFrame (4.0.3):
    - QMUIKit/QMUIComponents/QMUIEmptyView
    - QMUIKit/QMUIComponents/QMUIKeyboardManager
    - QMUIKit/QMUIComponents/QMUIMultipleDelegates
    - QMUIKit/QMUIComponents/QMUINavigationTitleView
    - QMUIKit/QMUIComponents/QMUITableView
    - QMUIKit/QMUIComponents/QMUITableViewHeaderFooterView
    - QMUIKit/QMUICore
    - QMUIKit/QMUILog
  - QMUIKit/QMUIWeakObjectContainer (4.0.3)
  - RRSwipeCell (0.1.1)
  - SDCycleScrollView (1.80):
    - SDWebImage (>= 5.0.0)
  - SDWebImage (5.3.2):
    - SDWebImage/Core (= 5.3.2)
  - SDWebImage/Core (5.3.2)
  - SGQRCode (3.0.1)
  - Toast (3.1.0)
  - TZImagePickerController (3.2.7)
  - WMPageController (2.5.2)
  - XHLaunchAd (3.9.8):
    - FLAnimatedImage (~> 1.0.12)
  - XLForm (4.1.0)
  - YTKNetwork (2.0.4):
    - AFNetworking (~> 3.0)
  - YYCategories (1.0.4):
    - YYCategories/no-arc (= 1.0.4)
  - YYCategories/no-arc (1.0.4)
  - YYModel (1.0.4)
  - YYText (1.0.7)

DEPENDENCIES:
  - BGFMDB (~> 2.0.9)
  - CYLTabBarController (~> 1.28.4)
  - DateTools (~> 2.0.0)
  - DZNEmptyDataSet (~> 1.8.1)
  - EAIntroView (~> 2.12.0)
  - FDFullscreenPopGesture (~> 1.1)
  - HMSegmentedControl (~> 1.5.3)
  - IGListKit (~> 3.4.0)
  - IQKeyboardManager (~> 6.5.4)
  - JGProgressHUD
  - Masonry (~> 1.1.0)
  - MBProgressHUD (~> 1.0.0)
  - MJRefresh (~> 3.1.12)
  - MMMaterialDesignSpinner
  - MZFormSheetPresentationController (~> 2.4.3)
  - PLPlayerKit (~> 3.4.3)
  - PLShortVideoKit
  - PPNumberButton (~> 0.8.0)
  - Qiniu
  - QMUIKit (~> 4.0.3)
  - RRSwipeCell (~> 0.1.1)
  - SDCycleScrollView (~> 1.80)
  - SGQRCode (~> 3.0.1)
  - Toast (~> 3.1.0)
  - TZImagePickerController (~> 3.2.7)
  - WMPageController (~> 2.5.2)
  - XHLaunchAd (~> 3.9.8)
  - XLForm (~> 4.1.0)
  - YTKNetwork (~> 2.0.4)
  - YYCategories (~> 1.0.4)
  - YYModel (~> 1.0.4)
  - YYText (~> 1.0.7)

SPEC REPOS:
  trunk:
    - AFNetworking
    - BGFMDB
    - CYLTabBarController
    - DateTools
    - DZNEmptyDataSet
    - EAIntroView
    - EARestrictedScrollView
    - FDFullscreenPopGesture
    - FLAnimatedImage
    - HappyDNS
    - HMSegmentedControl
    - IGListKit
    - IQKeyboardManager
    - JGProgressHUD
    - Masonry
    - MBProgressHUD
    - MJRefresh
    - MMMaterialDesignSpinner
    - MZAppearance
    - MZFormSheetPresentationController
    - PLPlayerKit
    - PLShortVideoKit
    - PPNumberButton
    - Qiniu
    - QMUIKit
    - RRSwipeCell
    - SDCycleScrollView
    - SDWebImage
    - SGQRCode
    - Toast
    - TZImagePickerController
    - WMPageController
    - XHLaunchAd
    - XLForm
    - YTKNetwork
    - YYCategories
    - YYModel
    - YYText

SPEC CHECKSUMS:
  AFNetworking: b6f891fdfaed196b46c7a83cf209e09697b94057
  BGFMDB: 48e6823027232402a678acc7f71484b1fc9171d0
  CYLTabBarController: d7160abd77b3a94626cff123fdfaa4f3badde20d
  DateTools: 933ac9c490f21f92127cf690ccd8c397e0126caf
  DZNEmptyDataSet: 9525833b9e68ac21c30253e1d3d7076cc828eaa7
  EAIntroView: 249559079ddfdbe80e5bcb755c04c3b964b2ac27
  EARestrictedScrollView: b0c2a3f92fb2610bb44d71c5e4893777c89e45ef
  FDFullscreenPopGesture: a8a620179e3d9c40e8e00256dcee1c1a27c6d0f0
  FLAnimatedImage: 4a0b56255d9b05f18b6dd7ee06871be5d3b89e31
  HappyDNS: 00c15e651a347206e58a20503a32a5564589b56a
  HMSegmentedControl: f514c6dad47aa3065e0ed2e8046b73efc71221b9
  IGListKit: 7a5d788e9fb746bcd402baa8e8b24bc3bd2a5a07
  IQKeyboardManager: 72b359cd7e777e3a984cedbe05f8da45320cbb63
  JGProgressHUD: aa403e9a5b45cae98903c4600cccdd98c0c3ec90
  Masonry: 678fab65091a9290e40e2832a55e7ab731aad201
  MBProgressHUD: 4890f671c94e8a0f3cf959aa731e9de2f036d71a
  MJRefresh: ee5b68f639775462faba4db0fd243baf4d42c2cf
  MMMaterialDesignSpinner: a548042720c2e5f04212048483085d7942ac3e81
  MZAppearance: 0c06d3fa9cc55142f1da14bc8631fbe8fd6e19d5
  MZFormSheetPresentationController: fbfdbad31884f16fac17fbe3c44c168306cc1095
  PLPlayerKit: a44734dc78c1f8f9fb22c537fa1916612fa46b06
  PLShortVideoKit: 901da81b11ae8e397f530bf3d4014921426cbf4c
  PPNumberButton: 4442ff64c21d91733057ca1b3dc05fb4df55f2c0
  Qiniu: 909b408ee489ea54827e9717be90b94bc9dfbc48
  QMUIKit: 92b1ac5112562aa4a788d786940c3e84f054aa1e
  RRSwipeCell: 28eb4c1201a3f12ed66184b803492c512d6ceba4
  SDCycleScrollView: b3c9a5ed840c771c4938978174c7c9d9feefeb96
  SDWebImage: 6ac2eb96571bff96ecde31a987172c5934a0eb7d
  SGQRCode: bf02d60e18d6660a9d75ff1c8b9b467f064f054e
  Toast: 14a93686d6c8bfe2727afd342414e35660a8a1f3
  TZImagePickerController: 821b81f83594a736e831a018f2a2ce31822ddf0b
  WMPageController: 0c7624d2b48e4f1ab92371688cf6744ed701575d
  XHLaunchAd: 45048592af01aa501c9d2d0c45e95ca74c4d0596
  XLForm: 7ee02761be8a369d1ad1bbffe738b97083d94f3e
  YTKNetwork: df8a7a5597bda1664a4efaa7ef871a818a887fe0
  YYCategories: 6bcd4314c6661a561410dce4a793379ebd306abd
  YYModel: 2a7fdd96aaa4b86a824e26d0c517de8928c04b30
  YYText: 5c461d709e24d55a182d1441c41dc639a18a4849

PODFILE CHECKSUM: 935d7bf168bbee639b10e0d08334c71b2d0b06be

COCOAPODS: 1.8.3
