// !$*UTF8*$!
{
	archiveVersion = 1;
	classes = {
	};
	objectVersion = 51;
	objects = {

/* Begin PBXBuildFile section */
		0C0A1E17237693B7004F886B /* AppDelegate.m in Sources */ = {isa = PBXBuildFile; fileRef = 0C0A1E14237693B7004F886B /* AppDelegate.m */; };
		0C0A1E18237693B7004F886B /* main.m in Sources */ = {isa = PBXBuildFile; fileRef = 0C0A1E15237693B7004F886B /* main.m */; };
		0C0BE83D237ECC0E0025D0F9 /* YXBBaseModel.m in Sources */ = {isa = PBXBuildFile; fileRef = 0C0BE83B237ECC0E0025D0F9 /* YXBBaseModel.m */; };
		0C0BE841237ECC1C0025D0F9 /* YXBCell.m in Sources */ = {isa = PBXBuildFile; fileRef = 0C0BE840237ECC1C0025D0F9 /* YXBCell.m */; };
		0C0BE844237ECC720025D0F9 /* YXBCollectionCell.m in Sources */ = {isa = PBXBuildFile; fileRef = 0C0BE842237ECC720025D0F9 /* YXBCollectionCell.m */; };
		0C0BE847237ECC890025D0F9 /* YXBHeaderView.m in Sources */ = {isa = PBXBuildFile; fileRef = 0C0BE846237ECC890025D0F9 /* YXBHeaderView.m */; };
		0C0BE84A237ECD530025D0F9 /* YXBSection.m in Sources */ = {isa = PBXBuildFile; fileRef = 0C0BE849237ECD530025D0F9 /* YXBSection.m */; };
		0C0BE84D237ECE4C0025D0F9 /* NSArray+IGListDiffable.m in Sources */ = {isa = PBXBuildFile; fileRef = 0C0BE84B237ECE4C0025D0F9 /* NSArray+IGListDiffable.m */; };
		0C0BE852237ED07C0025D0F9 /* MyRequst.m in Sources */ = {isa = PBXBuildFile; fileRef = 0C0BE84F237ED07B0025D0F9 /* MyRequst.m */; };
		0C0BE853237ED07C0025D0F9 /* YXBNetConfiger.m in Sources */ = {isa = PBXBuildFile; fileRef = 0C0BE851237ED07C0025D0F9 /* YXBNetConfiger.m */; };
		0C23D59923964CAF0084B326 /* MGiftCell.m in Sources */ = {isa = PBXBuildFile; fileRef = 0C23D59123964CAE0084B326 /* MGiftCell.m */; };
		0C23D59A23964CAF0084B326 /* MShareSection.m in Sources */ = {isa = PBXBuildFile; fileRef = 0C23D59223964CAE0084B326 /* MShareSection.m */; };
		0C23D59B23964CAF0084B326 /* MGiftSection.m in Sources */ = {isa = PBXBuildFile; fileRef = 0C23D59323964CAE0084B326 /* MGiftSection.m */; };
		0C23D59C23964CAF0084B326 /* MemberViewController.m in Sources */ = {isa = PBXBuildFile; fileRef = 0C23D59723964CAE0084B326 /* MemberViewController.m */; };
		0C23D5C2239652D00084B326 /* CMHomeViewController.m in Sources */ = {isa = PBXBuildFile; fileRef = 0C23D59F239652D00084B326 /* CMHomeViewController.m */; };
		0C23D5C3239652D00084B326 /* CMSendImageTextViewController.m in Sources */ = {isa = PBXBuildFile; fileRef = 0C23D5A2239652D00084B326 /* CMSendImageTextViewController.m */; };
		0C23D5C4239652D00084B326 /* CMVideoPageViewController.m in Sources */ = {isa = PBXBuildFile; fileRef = 0C23D5A7239652D00084B326 /* CMVideoPageViewController.m */; };
		0C23D5C5239652D00084B326 /* CMVideoBaseViewController.m in Sources */ = {isa = PBXBuildFile; fileRef = 0C23D5AA239652D00084B326 /* CMVideoBaseViewController.m */; };
		0C23D5C6239652D00084B326 /* CMCommentViewController.m in Sources */ = {isa = PBXBuildFile; fileRef = 0C23D5AC239652D00084B326 /* CMCommentViewController.m */; };
		0C23D5C7239652D00084B326 /* CMCommentCell.m in Sources */ = {isa = PBXBuildFile; fileRef = 0C23D5AD239652D00084B326 /* CMCommentCell.m */; };
		0C23D5C8239652D00084B326 /* CMVideoViewController.m in Sources */ = {isa = PBXBuildFile; fileRef = 0C23D5AE239652D00084B326 /* CMVideoViewController.m */; };
		0C23D5C9239652D00084B326 /* CMProductViewController.m in Sources */ = {isa = PBXBuildFile; fileRef = 0C23D5B0239652D00084B326 /* CMProductViewController.m */; };
		0C23D5CA239652D00084B326 /* UIView+Alert.m in Sources */ = {isa = PBXBuildFile; fileRef = 0C23D5B1239652D00084B326 /* UIView+Alert.m */; };
		0C23D5CB239652D00084B326 /* CMReconmmendCell.xib in Resources */ = {isa = PBXBuildFile; fileRef = 0C23D5B6239652D00084B326 /* CMReconmmendCell.xib */; };
		0C23D5CC239652D00084B326 /* BrandsCell.m in Sources */ = {isa = PBXBuildFile; fileRef = 0C23D5B7239652D00084B326 /* BrandsCell.m */; };
		0C23D5CD239652D00084B326 /* CMReconmmendPictureSection.m in Sources */ = {isa = PBXBuildFile; fileRef = 0C23D5B8239652D00084B326 /* CMReconmmendPictureSection.m */; };
		0C23D5CE239652D00084B326 /* BrandsCell.xib in Resources */ = {isa = PBXBuildFile; fileRef = 0C23D5BB239652D00084B326 /* BrandsCell.xib */; };
		0C23D5CF239652D00084B326 /* CMImageTextViewController.m in Sources */ = {isa = PBXBuildFile; fileRef = 0C23D5BC239652D00084B326 /* CMImageTextViewController.m */; };
		0C23D5D0239652D00084B326 /* CMRecommendSection4.m in Sources */ = {isa = PBXBuildFile; fileRef = 0C23D5BD239652D00084B326 /* CMRecommendSection4.m */; };
		0C23D5D1239652D00084B326 /* CMRecommendSection3.m in Sources */ = {isa = PBXBuildFile; fileRef = 0C23D5C0239652D00084B326 /* CMRecommendSection3.m */; };
		0C23D5D2239652D00084B326 /* CMReconmmendCell.m in Sources */ = {isa = PBXBuildFile; fileRef = 0C23D5C1239652D00084B326 /* CMReconmmendCell.m */; };
		0C23D5E22396558E0084B326 /* SPSearchResultCell.m in Sources */ = {isa = PBXBuildFile; fileRef = 0C23D5E02396558D0084B326 /* SPSearchResultCell.m */; };
		0C23D5F4239657C20084B326 /* YXBButtonCell.m in Sources */ = {isa = PBXBuildFile; fileRef = 0C23D5F3239657C20084B326 /* YXBButtonCell.m */; };
		0C23D5FF239658D40084B326 /* CircleCollectionAPI.m in Sources */ = {isa = PBXBuildFile; fileRef = 0C23D5F8239658D40084B326 /* CircleCollectionAPI.m */; };
		0C23D600239658D40084B326 /* InsVideoCommentAPI.m in Sources */ = {isa = PBXBuildFile; fileRef = 0C23D5FB239658D40084B326 /* InsVideoCommentAPI.m */; };
		0C23D601239658D40084B326 /* SelVideoCommentListAPI.m in Sources */ = {isa = PBXBuildFile; fileRef = 0C23D5FC239658D40084B326 /* SelVideoCommentListAPI.m */; };
		0C23D602239658D40084B326 /* SelVideoAPI.m in Sources */ = {isa = PBXBuildFile; fileRef = 0C23D5FE239658D40084B326 /* SelVideoAPI.m */; };
		0C23D60B239658E40084B326 /* CMCommentModel.m in Sources */ = {isa = PBXBuildFile; fileRef = 0C23D603239658E40084B326 /* CMCommentModel.m */; };
		0C23D60C239658E40084B326 /* CMImageTextModel.m in Sources */ = {isa = PBXBuildFile; fileRef = 0C23D606239658E40084B326 /* CMImageTextModel.m */; };
		0C23D60D239658E40084B326 /* CMVideoModel.m in Sources */ = {isa = PBXBuildFile; fileRef = 0C23D608239658E40084B326 /* CMVideoModel.m */; };
		0C23D60E239658E40084B326 /* ProductModel.m in Sources */ = {isa = PBXBuildFile; fileRef = 0C23D60A239658E40084B326 /* ProductModel.m */; };
		0C44D6022394AE660075DCAD /* LYLWKWebView.m in Sources */ = {isa = PBXBuildFile; fileRef = 0C44D5FE2394AE650075DCAD /* LYLWKWebView.m */; };
		0C44D6032394AE660075DCAD /* WCQRCodeVC.m in Sources */ = {isa = PBXBuildFile; fileRef = 0C44D6012394AE660075DCAD /* WCQRCodeVC.m */; };
		0C44D6062394B06E0075DCAD /* YXBConstDefine.m in Sources */ = {isa = PBXBuildFile; fileRef = 0C44D6052394B06E0075DCAD /* YXBConstDefine.m */; };
		0C44D60B2394C3290075DCAD /* YXBLanchManager.m in Sources */ = {isa = PBXBuildFile; fileRef = 0C44D6082394C3290075DCAD /* YXBLanchManager.m */; };
		0C44D60C2394C3290075DCAD /* LanchPageModel.m in Sources */ = {isa = PBXBuildFile; fileRef = 0C44D6092394C3290075DCAD /* LanchPageModel.m */; };
		0C44D60F2394C4600075DCAD /* LanchAPI.m in Sources */ = {isa = PBXBuildFile; fileRef = 0C44D60E2394C4600075DCAD /* LanchAPI.m */; };
		0CAD6DC2238785CB00306602 /* UserManager.m in Sources */ = {isa = PBXBuildFile; fileRef = 0CAD6DC1238785CB00306602 /* UserManager.m */; };
		0CAD6DE52387B7E400306602 /* NSArray+YXBAdd.m in Sources */ = {isa = PBXBuildFile; fileRef = 0CAD6DE12387B7E400306602 /* NSArray+YXBAdd.m */; };
		0CAD6DE62387B7E400306602 /* UIImage+YXBAdd.m in Sources */ = {isa = PBXBuildFile; fileRef = 0CAD6DE22387B7E400306602 /* UIImage+YXBAdd.m */; };
		0CD17C0D23769CB700B38DC8 /* TabBarViewController.m in Sources */ = {isa = PBXBuildFile; fileRef = 0CD17C0C23769CB700B38DC8 /* TabBarViewController.m */; };
		0CD17C0E2376AE1A00B38DC8 /* Assets.xcassets in Resources */ = {isa = PBXBuildFile; fileRef = 0C0A1DF923765D94004F886B /* Assets.xcassets */; };
		0CD17C102376AF5800B38DC8 /* LaunchScreen.storyboard in Resources */ = {isa = PBXBuildFile; fileRef = 0CD17C0F2376AF5800B38DC8 /* LaunchScreen.storyboard */; };
		0CD17C132376BA9E00B38DC8 /* SPHomeViewController.m in Sources */ = {isa = PBXBuildFile; fileRef = 0CD17C122376BA9E00B38DC8 /* SPHomeViewController.m */; };
		0CFBCB8B23812F2700D3921F /* YXBCheckRegular.m in Sources */ = {isa = PBXBuildFile; fileRef = 0CFBCB8023812F2700D3921F /* YXBCheckRegular.m */; };
		0CFBCB8C23812F2700D3921F /* ChineseToPinyin.m in Sources */ = {isa = PBXBuildFile; fileRef = 0CFBCB8123812F2700D3921F /* ChineseToPinyin.m */; };
		0CFBCB8D23812F2700D3921F /* YXBUnicode.m in Sources */ = {isa = PBXBuildFile; fileRef = 0CFBCB8423812F2700D3921F /* YXBUnicode.m */; };
		0CFBCB8E23812F2700D3921F /* YXBTextField.m in Sources */ = {isa = PBXBuildFile; fileRef = 0CFBCB8823812F2700D3921F /* YXBTextField.m */; };
		0CFBCB9023812F2700D3921F /* YXBTapAreaButton.m in Sources */ = {isa = PBXBuildFile; fileRef = 0CFBCB8A23812F2700D3921F /* YXBTapAreaButton.m */; };
		0CFBCB9323812FAE00D3921F /* NSObject+YXBAdd.m in Sources */ = {isa = PBXBuildFile; fileRef = 0CFBCB9223812FAE00D3921F /* NSObject+YXBAdd.m */; };
		2FDAC6AC23C18041001003D5 /* SPHomeNotificSection.m in Sources */ = {isa = PBXBuildFile; fileRef = 2FDAC69223C1803F001003D5 /* SPHomeNotificSection.m */; };
		2FDAC6AD23C18041001003D5 /* SPHomeButtonSection.m in Sources */ = {isa = PBXBuildFile; fileRef = 2FDAC69323C1803F001003D5 /* SPHomeButtonSection.m */; };
		2FDAC6AE23C18041001003D5 /* SPBannerHeaderView.m in Sources */ = {isa = PBXBuildFile; fileRef = 2FDAC69523C1803F001003D5 /* SPBannerHeaderView.m */; };
		2FDAC6AF23C18041001003D5 /* SPHomeNotificCell.m in Sources */ = {isa = PBXBuildFile; fileRef = 2FDAC69A23C1803F001003D5 /* SPHomeNotificCell.m */; };
		2FDAC6B023C18041001003D5 /* SPHomeSeckillTimeCell.m in Sources */ = {isa = PBXBuildFile; fileRef = 2FDAC69C23C1803F001003D5 /* SPHomeSeckillTimeCell.m */; };
		2FDAC6B123C18041001003D5 /* SPHomeTeamTwoSection.m in Sources */ = {isa = PBXBuildFile; fileRef = 2FDAC69D23C1803F001003D5 /* SPHomeTeamTwoSection.m */; };
		2FDAC6B223C18041001003D5 /* SPHomePictureSection.m in Sources */ = {isa = PBXBuildFile; fileRef = 2FDAC69E23C18040001003D5 /* SPHomePictureSection.m */; };
		2FDAC6B323C18041001003D5 /* SPBannerCell.m in Sources */ = {isa = PBXBuildFile; fileRef = 2FDAC6A023C18040001003D5 /* SPBannerCell.m */; };
		2FDAC6B423C18041001003D5 /* SPBannerSectionController.m in Sources */ = {isa = PBXBuildFile; fileRef = 2FDAC6A223C18040001003D5 /* SPBannerSectionController.m */; };
		2FDAC6B523C18041001003D5 /* SPHomeTeamSection.m in Sources */ = {isa = PBXBuildFile; fileRef = 2FDAC6A523C18040001003D5 /* SPHomeTeamSection.m */; };
		2FDAC6B623C18041001003D5 /* SPHomeSecKillSection.m in Sources */ = {isa = PBXBuildFile; fileRef = 2FDAC6A623C18040001003D5 /* SPHomeSecKillSection.m */; };
		2FDAC6B723C18041001003D5 /* SPRecomendSection.m in Sources */ = {isa = PBXBuildFile; fileRef = 2FDAC6AA23C18040001003D5 /* SPRecomendSection.m */; };
		2FDAC6B823C18041001003D5 /* SPHomeSeckillCollectionCell.m in Sources */ = {isa = PBXBuildFile; fileRef = 2FDAC6AB23C18041001003D5 /* SPHomeSeckillCollectionCell.m */; };
		2FDAC6BC23C1815D001003D5 /* CDDetailHeaderView.m in Sources */ = {isa = PBXBuildFile; fileRef = 2FDAC6BA23C1815D001003D5 /* CDDetailHeaderView.m */; };
		2FDAC6BD23C1815D001003D5 /* CDDetailHeaderView.xib in Resources */ = {isa = PBXBuildFile; fileRef = 2FDAC6BB23C1815D001003D5 /* CDDetailHeaderView.xib */; };
		2FDAC6C623C181A8001003D5 /* UIViewController+YXBAdd.m in Sources */ = {isa = PBXBuildFile; fileRef = 2FDAC6BF23C181A8001003D5 /* UIViewController+YXBAdd.m */; };
		2FDAC6C723C181A8001003D5 /* UIButton+YXBAdd.m in Sources */ = {isa = PBXBuildFile; fileRef = 2FDAC6C023C181A8001003D5 /* UIButton+YXBAdd.m */; };
		2FDAC6C823C181A8001003D5 /* NSLayoutConstraint+AutoScale.m in Sources */ = {isa = PBXBuildFile; fileRef = 2FDAC6C223C181A8001003D5 /* NSLayoutConstraint+AutoScale.m */; };
		2FDAC6C923C181A8001003D5 /* UIView+Xib.m in Sources */ = {isa = PBXBuildFile; fileRef = 2FDAC6C323C181A8001003D5 /* UIView+Xib.m */; };
		2FDAC6CC23C18200001003D5 /* YXBImageCell.m in Sources */ = {isa = PBXBuildFile; fileRef = 2FDAC6CA23C18200001003D5 /* YXBImageCell.m */; };
		2FDAC6D523C18221001003D5 /* YXBFormLeftRightBgCell.m in Sources */ = {isa = PBXBuildFile; fileRef = 2FDAC6CD23C18221001003D5 /* YXBFormLeftRightBgCell.m */; };
		2FDAC6D623C18221001003D5 /* YXBFormTopBottomCell.m in Sources */ = {isa = PBXBuildFile; fileRef = 2FDAC6D123C18221001003D5 /* YXBFormTopBottomCell.m */; };
		2FDAC6D723C18221001003D5 /* YXBFormImageCell.m in Sources */ = {isa = PBXBuildFile; fileRef = 2FDAC6D223C18221001003D5 /* YXBFormImageCell.m */; };
		2FDAC6D823C18221001003D5 /* YXBFormLeftRightCell.m in Sources */ = {isa = PBXBuildFile; fileRef = 2FDAC6D323C18221001003D5 /* YXBFormLeftRightCell.m */; };
		2FDAC6DB23C18269001003D5 /* YXBNavigationController.m in Sources */ = {isa = PBXBuildFile; fileRef = 2FDAC6DA23C18269001003D5 /* YXBNavigationController.m */; };
		4022FDCE4F7B5D1A5E82BAA7 /* Pods_OCDemoProject.framework in Frameworks */ = {isa = PBXBuildFile; fileRef = 27F625E780A70100A9657E7E /* Pods_OCDemoProject.framework */; };
/* End PBXBuildFile section */

/* Begin PBXFileReference section */
		0C0A1DEA23765D92004F886B /* OCDemoProject.app */ = {isa = PBXFileReference; explicitFileType = wrapper.application; includeInIndex = 0; path = OCDemoProject.app; sourceTree = BUILT_PRODUCTS_DIR; };
		0C0A1DF923765D94004F886B /* Assets.xcassets */ = {isa = PBXFileReference; lastKnownFileType = folder.assetcatalog; path = Assets.xcassets; sourceTree = "<group>"; };
		0C0A1E13237693B7004F886B /* AppDelegate.h */ = {isa = PBXFileReference; fileEncoding = 4; lastKnownFileType = sourcecode.c.h; path = AppDelegate.h; sourceTree = "<group>"; };
		0C0A1E14237693B7004F886B /* AppDelegate.m */ = {isa = PBXFileReference; fileEncoding = 4; lastKnownFileType = sourcecode.c.objc; path = AppDelegate.m; sourceTree = "<group>"; };
		0C0A1E15237693B7004F886B /* main.m */ = {isa = PBXFileReference; fileEncoding = 4; lastKnownFileType = sourcecode.c.objc; path = main.m; sourceTree = "<group>"; };
		0C0A1E16237693B7004F886B /* Info.plist */ = {isa = PBXFileReference; fileEncoding = 4; lastKnownFileType = text.plist.xml; path = Info.plist; sourceTree = "<group>"; };
		0C0BE83A237ECC0E0025D0F9 /* YXBBaseModel.h */ = {isa = PBXFileReference; fileEncoding = 4; lastKnownFileType = sourcecode.c.h; path = YXBBaseModel.h; sourceTree = "<group>"; };
		0C0BE83B237ECC0E0025D0F9 /* YXBBaseModel.m */ = {isa = PBXFileReference; fileEncoding = 4; lastKnownFileType = sourcecode.c.objc; path = YXBBaseModel.m; sourceTree = "<group>"; };
		0C0BE83F237ECC1C0025D0F9 /* YXBCell.h */ = {isa = PBXFileReference; lastKnownFileType = sourcecode.c.h; path = YXBCell.h; sourceTree = "<group>"; };
		0C0BE840237ECC1C0025D0F9 /* YXBCell.m */ = {isa = PBXFileReference; lastKnownFileType = sourcecode.c.objc; path = YXBCell.m; sourceTree = "<group>"; };
		0C0BE842237ECC720025D0F9 /* YXBCollectionCell.m */ = {isa = PBXFileReference; fileEncoding = 4; lastKnownFileType = sourcecode.c.objc; path = YXBCollectionCell.m; sourceTree = "<group>"; };
		0C0BE843237ECC720025D0F9 /* YXBCollectionCell.h */ = {isa = PBXFileReference; fileEncoding = 4; lastKnownFileType = sourcecode.c.h; path = YXBCollectionCell.h; sourceTree = "<group>"; };
		0C0BE845237ECC890025D0F9 /* YXBHeaderView.h */ = {isa = PBXFileReference; lastKnownFileType = sourcecode.c.h; path = YXBHeaderView.h; sourceTree = "<group>"; };
		0C0BE846237ECC890025D0F9 /* YXBHeaderView.m */ = {isa = PBXFileReference; lastKnownFileType = sourcecode.c.objc; path = YXBHeaderView.m; sourceTree = "<group>"; };
		0C0BE848237ECD530025D0F9 /* YXBSection.h */ = {isa = PBXFileReference; lastKnownFileType = sourcecode.c.h; path = YXBSection.h; sourceTree = "<group>"; };
		0C0BE849237ECD530025D0F9 /* YXBSection.m */ = {isa = PBXFileReference; lastKnownFileType = sourcecode.c.objc; path = YXBSection.m; sourceTree = "<group>"; };
		0C0BE84B237ECE4C0025D0F9 /* NSArray+IGListDiffable.m */ = {isa = PBXFileReference; fileEncoding = 4; lastKnownFileType = sourcecode.c.objc; path = "NSArray+IGListDiffable.m"; sourceTree = "<group>"; };
		0C0BE84C237ECE4C0025D0F9 /* NSArray+IGListDiffable.h */ = {isa = PBXFileReference; fileEncoding = 4; lastKnownFileType = sourcecode.c.h; path = "NSArray+IGListDiffable.h"; sourceTree = "<group>"; };
		0C0BE84E237ED07B0025D0F9 /* YXBNetConfiger.h */ = {isa = PBXFileReference; fileEncoding = 4; lastKnownFileType = sourcecode.c.h; path = YXBNetConfiger.h; sourceTree = "<group>"; };
		0C0BE84F237ED07B0025D0F9 /* MyRequst.m */ = {isa = PBXFileReference; fileEncoding = 4; lastKnownFileType = sourcecode.c.objc; path = MyRequst.m; sourceTree = "<group>"; };
		0C0BE850237ED07C0025D0F9 /* MyRequst.h */ = {isa = PBXFileReference; fileEncoding = 4; lastKnownFileType = sourcecode.c.h; path = MyRequst.h; sourceTree = "<group>"; };
		0C0BE851237ED07C0025D0F9 /* YXBNetConfiger.m */ = {isa = PBXFileReference; fileEncoding = 4; lastKnownFileType = sourcecode.c.objc; path = YXBNetConfiger.m; sourceTree = "<group>"; };
		0C23D59123964CAE0084B326 /* MGiftCell.m */ = {isa = PBXFileReference; fileEncoding = 4; lastKnownFileType = sourcecode.c.objc; path = MGiftCell.m; sourceTree = "<group>"; };
		0C23D59223964CAE0084B326 /* MShareSection.m */ = {isa = PBXFileReference; fileEncoding = 4; lastKnownFileType = sourcecode.c.objc; path = MShareSection.m; sourceTree = "<group>"; };
		0C23D59323964CAE0084B326 /* MGiftSection.m */ = {isa = PBXFileReference; fileEncoding = 4; lastKnownFileType = sourcecode.c.objc; path = MGiftSection.m; sourceTree = "<group>"; };
		0C23D59423964CAE0084B326 /* MemberViewController.h */ = {isa = PBXFileReference; fileEncoding = 4; lastKnownFileType = sourcecode.c.h; path = MemberViewController.h; sourceTree = "<group>"; };
		0C23D59523964CAE0084B326 /* MShareSection.h */ = {isa = PBXFileReference; fileEncoding = 4; lastKnownFileType = sourcecode.c.h; path = MShareSection.h; sourceTree = "<group>"; };
		0C23D59623964CAE0084B326 /* MGiftCell.h */ = {isa = PBXFileReference; fileEncoding = 4; lastKnownFileType = sourcecode.c.h; path = MGiftCell.h; sourceTree = "<group>"; };
		0C23D59723964CAE0084B326 /* MemberViewController.m */ = {isa = PBXFileReference; fileEncoding = 4; lastKnownFileType = sourcecode.c.objc; path = MemberViewController.m; sourceTree = "<group>"; };
		0C23D59823964CAE0084B326 /* MGiftSection.h */ = {isa = PBXFileReference; fileEncoding = 4; lastKnownFileType = sourcecode.c.h; path = MGiftSection.h; sourceTree = "<group>"; };
		0C23D59F239652D00084B326 /* CMHomeViewController.m */ = {isa = PBXFileReference; fileEncoding = 4; lastKnownFileType = sourcecode.c.objc; path = CMHomeViewController.m; sourceTree = "<group>"; };
		0C23D5A0239652D00084B326 /* CMHomeViewController.h */ = {isa = PBXFileReference; fileEncoding = 4; lastKnownFileType = sourcecode.c.h; path = CMHomeViewController.h; sourceTree = "<group>"; };
		0C23D5A2239652D00084B326 /* CMSendImageTextViewController.m */ = {isa = PBXFileReference; fileEncoding = 4; lastKnownFileType = sourcecode.c.objc; path = CMSendImageTextViewController.m; sourceTree = "<group>"; };
		0C23D5A3239652D00084B326 /* CMSendImageTextViewController.h */ = {isa = PBXFileReference; fileEncoding = 4; lastKnownFileType = sourcecode.c.h; path = CMSendImageTextViewController.h; sourceTree = "<group>"; };
		0C23D5A5239652D00084B326 /* CMCommentCell.h */ = {isa = PBXFileReference; fileEncoding = 4; lastKnownFileType = sourcecode.c.h; path = CMCommentCell.h; sourceTree = "<group>"; };
		0C23D5A6239652D00084B326 /* CMCommentViewController.h */ = {isa = PBXFileReference; fileEncoding = 4; lastKnownFileType = sourcecode.c.h; path = CMCommentViewController.h; sourceTree = "<group>"; };
		0C23D5A7239652D00084B326 /* CMVideoPageViewController.m */ = {isa = PBXFileReference; fileEncoding = 4; lastKnownFileType = sourcecode.c.objc; path = CMVideoPageViewController.m; sourceTree = "<group>"; };
		0C23D5A8239652D00084B326 /* CMVideoViewController.h */ = {isa = PBXFileReference; fileEncoding = 4; lastKnownFileType = sourcecode.c.h; path = CMVideoViewController.h; sourceTree = "<group>"; };
		0C23D5A9239652D00084B326 /* CMProductViewController.h */ = {isa = PBXFileReference; fileEncoding = 4; lastKnownFileType = sourcecode.c.h; path = CMProductViewController.h; sourceTree = "<group>"; };
		0C23D5AA239652D00084B326 /* CMVideoBaseViewController.m */ = {isa = PBXFileReference; fileEncoding = 4; lastKnownFileType = sourcecode.c.objc; path = CMVideoBaseViewController.m; sourceTree = "<group>"; };
		0C23D5AB239652D00084B326 /* UIView+Alert.h */ = {isa = PBXFileReference; fileEncoding = 4; lastKnownFileType = sourcecode.c.h; path = "UIView+Alert.h"; sourceTree = "<group>"; };
		0C23D5AC239652D00084B326 /* CMCommentViewController.m */ = {isa = PBXFileReference; fileEncoding = 4; lastKnownFileType = sourcecode.c.objc; path = CMCommentViewController.m; sourceTree = "<group>"; };
		0C23D5AD239652D00084B326 /* CMCommentCell.m */ = {isa = PBXFileReference; fileEncoding = 4; lastKnownFileType = sourcecode.c.objc; path = CMCommentCell.m; sourceTree = "<group>"; };
		0C23D5AE239652D00084B326 /* CMVideoViewController.m */ = {isa = PBXFileReference; fileEncoding = 4; lastKnownFileType = sourcecode.c.objc; path = CMVideoViewController.m; sourceTree = "<group>"; };
		0C23D5AF239652D00084B326 /* CMVideoPageViewController.h */ = {isa = PBXFileReference; fileEncoding = 4; lastKnownFileType = sourcecode.c.h; path = CMVideoPageViewController.h; sourceTree = "<group>"; };
		0C23D5B0239652D00084B326 /* CMProductViewController.m */ = {isa = PBXFileReference; fileEncoding = 4; lastKnownFileType = sourcecode.c.objc; path = CMProductViewController.m; sourceTree = "<group>"; };
		0C23D5B1239652D00084B326 /* UIView+Alert.m */ = {isa = PBXFileReference; fileEncoding = 4; lastKnownFileType = sourcecode.c.objc; path = "UIView+Alert.m"; sourceTree = "<group>"; };
		0C23D5B2239652D00084B326 /* CMVideoBaseViewController.h */ = {isa = PBXFileReference; fileEncoding = 4; lastKnownFileType = sourcecode.c.h; path = CMVideoBaseViewController.h; sourceTree = "<group>"; };
		0C23D5B4239652D00084B326 /* CMImageTextViewController.h */ = {isa = PBXFileReference; fileEncoding = 4; lastKnownFileType = sourcecode.c.h; path = CMImageTextViewController.h; sourceTree = "<group>"; };
		0C23D5B5239652D00084B326 /* CMRecommendSection4.h */ = {isa = PBXFileReference; fileEncoding = 4; lastKnownFileType = sourcecode.c.h; path = CMRecommendSection4.h; sourceTree = "<group>"; };
		0C23D5B6239652D00084B326 /* CMReconmmendCell.xib */ = {isa = PBXFileReference; fileEncoding = 4; lastKnownFileType = file.xib; path = CMReconmmendCell.xib; sourceTree = "<group>"; };
		0C23D5B7239652D00084B326 /* BrandsCell.m */ = {isa = PBXFileReference; fileEncoding = 4; lastKnownFileType = sourcecode.c.objc; path = BrandsCell.m; sourceTree = "<group>"; };
		0C23D5B8239652D00084B326 /* CMReconmmendPictureSection.m */ = {isa = PBXFileReference; fileEncoding = 4; lastKnownFileType = sourcecode.c.objc; path = CMReconmmendPictureSection.m; sourceTree = "<group>"; };
		0C23D5B9239652D00084B326 /* CMReconmmendCell.h */ = {isa = PBXFileReference; fileEncoding = 4; lastKnownFileType = sourcecode.c.h; path = CMReconmmendCell.h; sourceTree = "<group>"; };
		0C23D5BA239652D00084B326 /* CMRecommendSection3.h */ = {isa = PBXFileReference; fileEncoding = 4; lastKnownFileType = sourcecode.c.h; path = CMRecommendSection3.h; sourceTree = "<group>"; };
		0C23D5BB239652D00084B326 /* BrandsCell.xib */ = {isa = PBXFileReference; fileEncoding = 4; lastKnownFileType = file.xib; path = BrandsCell.xib; sourceTree = "<group>"; };
		0C23D5BC239652D00084B326 /* CMImageTextViewController.m */ = {isa = PBXFileReference; fileEncoding = 4; lastKnownFileType = sourcecode.c.objc; path = CMImageTextViewController.m; sourceTree = "<group>"; };
		0C23D5BD239652D00084B326 /* CMRecommendSection4.m */ = {isa = PBXFileReference; fileEncoding = 4; lastKnownFileType = sourcecode.c.objc; path = CMRecommendSection4.m; sourceTree = "<group>"; };
		0C23D5BE239652D00084B326 /* CMReconmmendPictureSection.h */ = {isa = PBXFileReference; fileEncoding = 4; lastKnownFileType = sourcecode.c.h; path = CMReconmmendPictureSection.h; sourceTree = "<group>"; };
		0C23D5BF239652D00084B326 /* BrandsCell.h */ = {isa = PBXFileReference; fileEncoding = 4; lastKnownFileType = sourcecode.c.h; path = BrandsCell.h; sourceTree = "<group>"; };
		0C23D5C0239652D00084B326 /* CMRecommendSection3.m */ = {isa = PBXFileReference; fileEncoding = 4; lastKnownFileType = sourcecode.c.objc; path = CMRecommendSection3.m; sourceTree = "<group>"; };
		0C23D5C1239652D00084B326 /* CMReconmmendCell.m */ = {isa = PBXFileReference; fileEncoding = 4; lastKnownFileType = sourcecode.c.objc; path = CMReconmmendCell.m; sourceTree = "<group>"; };
		0C23D5E02396558D0084B326 /* SPSearchResultCell.m */ = {isa = PBXFileReference; fileEncoding = 4; lastKnownFileType = sourcecode.c.objc; path = SPSearchResultCell.m; sourceTree = "<group>"; };
		0C23D5E12396558D0084B326 /* SPSearchResultCell.h */ = {isa = PBXFileReference; fileEncoding = 4; lastKnownFileType = sourcecode.c.h; path = SPSearchResultCell.h; sourceTree = "<group>"; };
		0C23D5F2239657C20084B326 /* YXBButtonCell.h */ = {isa = PBXFileReference; fileEncoding = 4; lastKnownFileType = sourcecode.c.h; path = YXBButtonCell.h; sourceTree = "<group>"; };
		0C23D5F3239657C20084B326 /* YXBButtonCell.m */ = {isa = PBXFileReference; fileEncoding = 4; lastKnownFileType = sourcecode.c.objc; path = YXBButtonCell.m; sourceTree = "<group>"; };
		0C23D5F7239658D40084B326 /* SelVideoAPI.h */ = {isa = PBXFileReference; fileEncoding = 4; lastKnownFileType = sourcecode.c.h; path = SelVideoAPI.h; sourceTree = "<group>"; };
		0C23D5F8239658D40084B326 /* CircleCollectionAPI.m */ = {isa = PBXFileReference; fileEncoding = 4; lastKnownFileType = sourcecode.c.objc; path = CircleCollectionAPI.m; sourceTree = "<group>"; };
		0C23D5F9239658D40084B326 /* SelVideoCommentListAPI.h */ = {isa = PBXFileReference; fileEncoding = 4; lastKnownFileType = sourcecode.c.h; path = SelVideoCommentListAPI.h; sourceTree = "<group>"; };
		0C23D5FA239658D40084B326 /* CircleCollectionAPI.h */ = {isa = PBXFileReference; fileEncoding = 4; lastKnownFileType = sourcecode.c.h; path = CircleCollectionAPI.h; sourceTree = "<group>"; };
		0C23D5FB239658D40084B326 /* InsVideoCommentAPI.m */ = {isa = PBXFileReference; fileEncoding = 4; lastKnownFileType = sourcecode.c.objc; path = InsVideoCommentAPI.m; sourceTree = "<group>"; };
		0C23D5FC239658D40084B326 /* SelVideoCommentListAPI.m */ = {isa = PBXFileReference; fileEncoding = 4; lastKnownFileType = sourcecode.c.objc; path = SelVideoCommentListAPI.m; sourceTree = "<group>"; };
		0C23D5FD239658D40084B326 /* InsVideoCommentAPI.h */ = {isa = PBXFileReference; fileEncoding = 4; lastKnownFileType = sourcecode.c.h; path = InsVideoCommentAPI.h; sourceTree = "<group>"; };
		0C23D5FE239658D40084B326 /* SelVideoAPI.m */ = {isa = PBXFileReference; fileEncoding = 4; lastKnownFileType = sourcecode.c.objc; path = SelVideoAPI.m; sourceTree = "<group>"; };
		0C23D603239658E40084B326 /* CMCommentModel.m */ = {isa = PBXFileReference; fileEncoding = 4; lastKnownFileType = sourcecode.c.objc; path = CMCommentModel.m; sourceTree = "<group>"; };
		0C23D604239658E40084B326 /* CMVideoModel.h */ = {isa = PBXFileReference; fileEncoding = 4; lastKnownFileType = sourcecode.c.h; path = CMVideoModel.h; sourceTree = "<group>"; };
		0C23D605239658E40084B326 /* CMImageTextModel.h */ = {isa = PBXFileReference; fileEncoding = 4; lastKnownFileType = sourcecode.c.h; path = CMImageTextModel.h; sourceTree = "<group>"; };
		0C23D606239658E40084B326 /* CMImageTextModel.m */ = {isa = PBXFileReference; fileEncoding = 4; lastKnownFileType = sourcecode.c.objc; path = CMImageTextModel.m; sourceTree = "<group>"; };
		0C23D607239658E40084B326 /* CMCommentModel.h */ = {isa = PBXFileReference; fileEncoding = 4; lastKnownFileType = sourcecode.c.h; path = CMCommentModel.h; sourceTree = "<group>"; };
		0C23D608239658E40084B326 /* CMVideoModel.m */ = {isa = PBXFileReference; fileEncoding = 4; lastKnownFileType = sourcecode.c.objc; path = CMVideoModel.m; sourceTree = "<group>"; };
		0C23D609239658E40084B326 /* ProductModel.h */ = {isa = PBXFileReference; fileEncoding = 4; lastKnownFileType = sourcecode.c.h; path = ProductModel.h; sourceTree = "<group>"; };
		0C23D60A239658E40084B326 /* ProductModel.m */ = {isa = PBXFileReference; fileEncoding = 4; lastKnownFileType = sourcecode.c.objc; path = ProductModel.m; sourceTree = "<group>"; };
		0C44D5FE2394AE650075DCAD /* LYLWKWebView.m */ = {isa = PBXFileReference; fileEncoding = 4; lastKnownFileType = sourcecode.c.objc; path = LYLWKWebView.m; sourceTree = "<group>"; };
		0C44D5FF2394AE660075DCAD /* WCQRCodeVC.h */ = {isa = PBXFileReference; fileEncoding = 4; lastKnownFileType = sourcecode.c.h; path = WCQRCodeVC.h; sourceTree = "<group>"; };
		0C44D6002394AE660075DCAD /* LYLWKWebView.h */ = {isa = PBXFileReference; fileEncoding = 4; lastKnownFileType = sourcecode.c.h; path = LYLWKWebView.h; sourceTree = "<group>"; };
		0C44D6012394AE660075DCAD /* WCQRCodeVC.m */ = {isa = PBXFileReference; fileEncoding = 4; lastKnownFileType = sourcecode.c.objc; path = WCQRCodeVC.m; sourceTree = "<group>"; };
		0C44D6042394B06E0075DCAD /* YXBConstDefine.h */ = {isa = PBXFileReference; lastKnownFileType = sourcecode.c.h; path = YXBConstDefine.h; sourceTree = "<group>"; };
		0C44D6052394B06E0075DCAD /* YXBConstDefine.m */ = {isa = PBXFileReference; lastKnownFileType = sourcecode.c.objc; path = YXBConstDefine.m; sourceTree = "<group>"; };
		0C44D6072394C3290075DCAD /* YXBLanchManager.h */ = {isa = PBXFileReference; fileEncoding = 4; lastKnownFileType = sourcecode.c.h; path = YXBLanchManager.h; sourceTree = "<group>"; };
		0C44D6082394C3290075DCAD /* YXBLanchManager.m */ = {isa = PBXFileReference; fileEncoding = 4; lastKnownFileType = sourcecode.c.objc; path = YXBLanchManager.m; sourceTree = "<group>"; };
		0C44D6092394C3290075DCAD /* LanchPageModel.m */ = {isa = PBXFileReference; fileEncoding = 4; lastKnownFileType = sourcecode.c.objc; path = LanchPageModel.m; sourceTree = "<group>"; };
		0C44D60A2394C3290075DCAD /* LanchPageModel.h */ = {isa = PBXFileReference; fileEncoding = 4; lastKnownFileType = sourcecode.c.h; path = LanchPageModel.h; sourceTree = "<group>"; };
		0C44D60D2394C4600075DCAD /* LanchAPI.h */ = {isa = PBXFileReference; lastKnownFileType = sourcecode.c.h; path = LanchAPI.h; sourceTree = "<group>"; };
		0C44D60E2394C4600075DCAD /* LanchAPI.m */ = {isa = PBXFileReference; lastKnownFileType = sourcecode.c.objc; path = LanchAPI.m; sourceTree = "<group>"; };
		0C5523A52379950C00F1C8FE /* YXBColorDefine.h */ = {isa = PBXFileReference; lastKnownFileType = sourcecode.c.h; path = YXBColorDefine.h; sourceTree = "<group>"; };
		0C5523A6237995B200F1C8FE /* MyProject.pch */ = {isa = PBXFileReference; lastKnownFileType = sourcecode.c.h; path = MyProject.pch; sourceTree = "<group>"; };
		0C5523A7237997DC00F1C8FE /* YXBDeviceDefine.h */ = {isa = PBXFileReference; lastKnownFileType = sourcecode.c.h; path = YXBDeviceDefine.h; sourceTree = "<group>"; };
		0C5D0363239637BF00F5A773 /* YXBCodeSnipped.h */ = {isa = PBXFileReference; lastKnownFileType = sourcecode.c.h; path = YXBCodeSnipped.h; sourceTree = "<group>"; };
		0CAD6DC0238785CB00306602 /* UserManager.h */ = {isa = PBXFileReference; fileEncoding = 4; lastKnownFileType = sourcecode.c.h; path = UserManager.h; sourceTree = "<group>"; };
		0CAD6DC1238785CB00306602 /* UserManager.m */ = {isa = PBXFileReference; fileEncoding = 4; lastKnownFileType = sourcecode.c.objc; path = UserManager.m; sourceTree = "<group>"; };
		0CAD6DE12387B7E400306602 /* NSArray+YXBAdd.m */ = {isa = PBXFileReference; fileEncoding = 4; lastKnownFileType = sourcecode.c.objc; path = "NSArray+YXBAdd.m"; sourceTree = "<group>"; };
		0CAD6DE22387B7E400306602 /* UIImage+YXBAdd.m */ = {isa = PBXFileReference; fileEncoding = 4; lastKnownFileType = sourcecode.c.objc; path = "UIImage+YXBAdd.m"; sourceTree = "<group>"; };
		0CAD6DE32387B7E400306602 /* UIImage+YXBAdd.h */ = {isa = PBXFileReference; fileEncoding = 4; lastKnownFileType = sourcecode.c.h; path = "UIImage+YXBAdd.h"; sourceTree = "<group>"; };
		0CAD6DE42387B7E400306602 /* NSArray+YXBAdd.h */ = {isa = PBXFileReference; fileEncoding = 4; lastKnownFileType = sourcecode.c.h; path = "NSArray+YXBAdd.h"; sourceTree = "<group>"; };
		0CB6DA92237ADF4E00C95C8E /* YXBTransitionDefine.h */ = {isa = PBXFileReference; lastKnownFileType = sourcecode.c.h; path = YXBTransitionDefine.h; sourceTree = "<group>"; };
		0CD17C0B23769CB700B38DC8 /* TabBarViewController.h */ = {isa = PBXFileReference; lastKnownFileType = sourcecode.c.h; path = TabBarViewController.h; sourceTree = "<group>"; };
		0CD17C0C23769CB700B38DC8 /* TabBarViewController.m */ = {isa = PBXFileReference; lastKnownFileType = sourcecode.c.objc; path = TabBarViewController.m; sourceTree = "<group>"; };
		0CD17C0F2376AF5800B38DC8 /* LaunchScreen.storyboard */ = {isa = PBXFileReference; lastKnownFileType = file.storyboard; path = LaunchScreen.storyboard; sourceTree = "<group>"; };
		0CD17C112376BA9E00B38DC8 /* SPHomeViewController.h */ = {isa = PBXFileReference; lastKnownFileType = sourcecode.c.h; path = SPHomeViewController.h; sourceTree = "<group>"; };
		0CD17C122376BA9E00B38DC8 /* SPHomeViewController.m */ = {isa = PBXFileReference; lastKnownFileType = sourcecode.c.objc; path = SPHomeViewController.m; sourceTree = "<group>"; };
		0CFBCB7F23812EFB00D3921F /* YXBPublicDefine.h */ = {isa = PBXFileReference; lastKnownFileType = sourcecode.c.h; path = YXBPublicDefine.h; sourceTree = "<group>"; };
		0CFBCB8023812F2700D3921F /* YXBCheckRegular.m */ = {isa = PBXFileReference; fileEncoding = 4; lastKnownFileType = sourcecode.c.objc; path = YXBCheckRegular.m; sourceTree = "<group>"; };
		0CFBCB8123812F2700D3921F /* ChineseToPinyin.m */ = {isa = PBXFileReference; fileEncoding = 4; lastKnownFileType = sourcecode.c.objc; path = ChineseToPinyin.m; sourceTree = "<group>"; };
		0CFBCB8223812F2700D3921F /* ChineseToPinyin.h */ = {isa = PBXFileReference; fileEncoding = 4; lastKnownFileType = sourcecode.c.h; path = ChineseToPinyin.h; sourceTree = "<group>"; };
		0CFBCB8323812F2700D3921F /* YXBTextField.h */ = {isa = PBXFileReference; fileEncoding = 4; lastKnownFileType = sourcecode.c.h; path = YXBTextField.h; sourceTree = "<group>"; };
		0CFBCB8423812F2700D3921F /* YXBUnicode.m */ = {isa = PBXFileReference; fileEncoding = 4; lastKnownFileType = sourcecode.c.objc; path = YXBUnicode.m; sourceTree = "<group>"; };
		0CFBCB8623812F2700D3921F /* YXBTapAreaButton.h */ = {isa = PBXFileReference; fileEncoding = 4; lastKnownFileType = sourcecode.c.h; path = YXBTapAreaButton.h; sourceTree = "<group>"; };
		0CFBCB8723812F2700D3921F /* YXBCheckRegular.h */ = {isa = PBXFileReference; fileEncoding = 4; lastKnownFileType = sourcecode.c.h; path = YXBCheckRegular.h; sourceTree = "<group>"; };
		0CFBCB8823812F2700D3921F /* YXBTextField.m */ = {isa = PBXFileReference; fileEncoding = 4; lastKnownFileType = sourcecode.c.objc; path = YXBTextField.m; sourceTree = "<group>"; };
		0CFBCB8A23812F2700D3921F /* YXBTapAreaButton.m */ = {isa = PBXFileReference; fileEncoding = 4; lastKnownFileType = sourcecode.c.objc; path = YXBTapAreaButton.m; sourceTree = "<group>"; };
		0CFBCB9123812FAE00D3921F /* NSObject+YXBAdd.h */ = {isa = PBXFileReference; fileEncoding = 4; lastKnownFileType = sourcecode.c.h; path = "NSObject+YXBAdd.h"; sourceTree = "<group>"; };
		0CFBCB9223812FAE00D3921F /* NSObject+YXBAdd.m */ = {isa = PBXFileReference; fileEncoding = 4; lastKnownFileType = sourcecode.c.objc; path = "NSObject+YXBAdd.m"; sourceTree = "<group>"; };
		27F625E780A70100A9657E7E /* Pods_OCDemoProject.framework */ = {isa = PBXFileReference; explicitFileType = wrapper.framework; includeInIndex = 0; path = Pods_OCDemoProject.framework; sourceTree = BUILT_PRODUCTS_DIR; };
		2FDAC69223C1803F001003D5 /* SPHomeNotificSection.m */ = {isa = PBXFileReference; fileEncoding = 4; lastKnownFileType = sourcecode.c.objc; path = SPHomeNotificSection.m; sourceTree = "<group>"; };
		2FDAC69323C1803F001003D5 /* SPHomeButtonSection.m */ = {isa = PBXFileReference; fileEncoding = 4; lastKnownFileType = sourcecode.c.objc; path = SPHomeButtonSection.m; sourceTree = "<group>"; };
		2FDAC69423C1803F001003D5 /* SPHomeSeckillCollectionCell.h */ = {isa = PBXFileReference; fileEncoding = 4; lastKnownFileType = sourcecode.c.h; path = SPHomeSeckillCollectionCell.h; sourceTree = "<group>"; };
		2FDAC69523C1803F001003D5 /* SPBannerHeaderView.m */ = {isa = PBXFileReference; fileEncoding = 4; lastKnownFileType = sourcecode.c.objc; path = SPBannerHeaderView.m; sourceTree = "<group>"; };
		2FDAC69623C1803F001003D5 /* SPBannerHeaderView.h */ = {isa = PBXFileReference; fileEncoding = 4; lastKnownFileType = sourcecode.c.h; path = SPBannerHeaderView.h; sourceTree = "<group>"; };
		2FDAC69723C1803F001003D5 /* SPHomeNotificSection.h */ = {isa = PBXFileReference; fileEncoding = 4; lastKnownFileType = sourcecode.c.h; path = SPHomeNotificSection.h; sourceTree = "<group>"; };
		2FDAC69823C1803F001003D5 /* SPHomeTeamSection.h */ = {isa = PBXFileReference; fileEncoding = 4; lastKnownFileType = sourcecode.c.h; path = SPHomeTeamSection.h; sourceTree = "<group>"; };
		2FDAC69923C1803F001003D5 /* SPHomeButtonSection.h */ = {isa = PBXFileReference; fileEncoding = 4; lastKnownFileType = sourcecode.c.h; path = SPHomeButtonSection.h; sourceTree = "<group>"; };
		2FDAC69A23C1803F001003D5 /* SPHomeNotificCell.m */ = {isa = PBXFileReference; fileEncoding = 4; lastKnownFileType = sourcecode.c.objc; path = SPHomeNotificCell.m; sourceTree = "<group>"; };
		2FDAC69B23C1803F001003D5 /* SPRecomendSection.h */ = {isa = PBXFileReference; fileEncoding = 4; lastKnownFileType = sourcecode.c.h; path = SPRecomendSection.h; sourceTree = "<group>"; };
		2FDAC69C23C1803F001003D5 /* SPHomeSeckillTimeCell.m */ = {isa = PBXFileReference; fileEncoding = 4; lastKnownFileType = sourcecode.c.objc; path = SPHomeSeckillTimeCell.m; sourceTree = "<group>"; };
		2FDAC69D23C1803F001003D5 /* SPHomeTeamTwoSection.m */ = {isa = PBXFileReference; fileEncoding = 4; lastKnownFileType = sourcecode.c.objc; path = SPHomeTeamTwoSection.m; sourceTree = "<group>"; };
		2FDAC69E23C18040001003D5 /* SPHomePictureSection.m */ = {isa = PBXFileReference; fileEncoding = 4; lastKnownFileType = sourcecode.c.objc; path = SPHomePictureSection.m; sourceTree = "<group>"; };
		2FDAC69F23C18040001003D5 /* SPHomePictureSection.h */ = {isa = PBXFileReference; fileEncoding = 4; lastKnownFileType = sourcecode.c.h; path = SPHomePictureSection.h; sourceTree = "<group>"; };
		2FDAC6A023C18040001003D5 /* SPBannerCell.m */ = {isa = PBXFileReference; fileEncoding = 4; lastKnownFileType = sourcecode.c.objc; path = SPBannerCell.m; sourceTree = "<group>"; };
		2FDAC6A123C18040001003D5 /* SPHomeTeamTwoSection.h */ = {isa = PBXFileReference; fileEncoding = 4; lastKnownFileType = sourcecode.c.h; path = SPHomeTeamTwoSection.h; sourceTree = "<group>"; };
		2FDAC6A223C18040001003D5 /* SPBannerSectionController.m */ = {isa = PBXFileReference; fileEncoding = 4; lastKnownFileType = sourcecode.c.objc; path = SPBannerSectionController.m; sourceTree = "<group>"; };
		2FDAC6A323C18040001003D5 /* SPBannerCell.h */ = {isa = PBXFileReference; fileEncoding = 4; lastKnownFileType = sourcecode.c.h; path = SPBannerCell.h; sourceTree = "<group>"; };
		2FDAC6A423C18040001003D5 /* SPBannerSectionController.h */ = {isa = PBXFileReference; fileEncoding = 4; lastKnownFileType = sourcecode.c.h; path = SPBannerSectionController.h; sourceTree = "<group>"; };
		2FDAC6A523C18040001003D5 /* SPHomeTeamSection.m */ = {isa = PBXFileReference; fileEncoding = 4; lastKnownFileType = sourcecode.c.objc; path = SPHomeTeamSection.m; sourceTree = "<group>"; };
		2FDAC6A623C18040001003D5 /* SPHomeSecKillSection.m */ = {isa = PBXFileReference; fileEncoding = 4; lastKnownFileType = sourcecode.c.objc; path = SPHomeSecKillSection.m; sourceTree = "<group>"; };
		2FDAC6A723C18040001003D5 /* SPHomeSecKillSection.h */ = {isa = PBXFileReference; fileEncoding = 4; lastKnownFileType = sourcecode.c.h; path = SPHomeSecKillSection.h; sourceTree = "<group>"; };
		2FDAC6A823C18040001003D5 /* SPHomeSeckillTimeCell.h */ = {isa = PBXFileReference; fileEncoding = 4; lastKnownFileType = sourcecode.c.h; path = SPHomeSeckillTimeCell.h; sourceTree = "<group>"; };
		2FDAC6A923C18040001003D5 /* SPHomeNotificCell.h */ = {isa = PBXFileReference; fileEncoding = 4; lastKnownFileType = sourcecode.c.h; path = SPHomeNotificCell.h; sourceTree = "<group>"; };
		2FDAC6AA23C18040001003D5 /* SPRecomendSection.m */ = {isa = PBXFileReference; fileEncoding = 4; lastKnownFileType = sourcecode.c.objc; path = SPRecomendSection.m; sourceTree = "<group>"; };
		2FDAC6AB23C18041001003D5 /* SPHomeSeckillCollectionCell.m */ = {isa = PBXFileReference; fileEncoding = 4; lastKnownFileType = sourcecode.c.objc; path = SPHomeSeckillCollectionCell.m; sourceTree = "<group>"; };
		2FDAC6B923C1815D001003D5 /* CDDetailHeaderView.h */ = {isa = PBXFileReference; fileEncoding = 4; lastKnownFileType = sourcecode.c.h; path = CDDetailHeaderView.h; sourceTree = "<group>"; };
		2FDAC6BA23C1815D001003D5 /* CDDetailHeaderView.m */ = {isa = PBXFileReference; fileEncoding = 4; lastKnownFileType = sourcecode.c.objc; path = CDDetailHeaderView.m; sourceTree = "<group>"; };
		2FDAC6BB23C1815D001003D5 /* CDDetailHeaderView.xib */ = {isa = PBXFileReference; fileEncoding = 4; lastKnownFileType = file.xib; path = CDDetailHeaderView.xib; sourceTree = "<group>"; };
		2FDAC6BE23C181A7001003D5 /* UIViewController+YXBAdd.h */ = {isa = PBXFileReference; fileEncoding = 4; lastKnownFileType = sourcecode.c.h; path = "UIViewController+YXBAdd.h"; sourceTree = "<group>"; };
		2FDAC6BF23C181A8001003D5 /* UIViewController+YXBAdd.m */ = {isa = PBXFileReference; fileEncoding = 4; lastKnownFileType = sourcecode.c.objc; path = "UIViewController+YXBAdd.m"; sourceTree = "<group>"; };
		2FDAC6C023C181A8001003D5 /* UIButton+YXBAdd.m */ = {isa = PBXFileReference; fileEncoding = 4; lastKnownFileType = sourcecode.c.objc; path = "UIButton+YXBAdd.m"; sourceTree = "<group>"; };
		2FDAC6C123C181A8001003D5 /* UIView+Xib.h */ = {isa = PBXFileReference; fileEncoding = 4; lastKnownFileType = sourcecode.c.h; path = "UIView+Xib.h"; sourceTree = "<group>"; };
		2FDAC6C223C181A8001003D5 /* NSLayoutConstraint+AutoScale.m */ = {isa = PBXFileReference; fileEncoding = 4; lastKnownFileType = sourcecode.c.objc; path = "NSLayoutConstraint+AutoScale.m"; sourceTree = "<group>"; };
		2FDAC6C323C181A8001003D5 /* UIView+Xib.m */ = {isa = PBXFileReference; fileEncoding = 4; lastKnownFileType = sourcecode.c.objc; path = "UIView+Xib.m"; sourceTree = "<group>"; };
		2FDAC6C423C181A8001003D5 /* NSLayoutConstraint+AutoScale.h */ = {isa = PBXFileReference; fileEncoding = 4; lastKnownFileType = sourcecode.c.h; path = "NSLayoutConstraint+AutoScale.h"; sourceTree = "<group>"; };
		2FDAC6C523C181A8001003D5 /* UIButton+YXBAdd.h */ = {isa = PBXFileReference; fileEncoding = 4; lastKnownFileType = sourcecode.c.h; path = "UIButton+YXBAdd.h"; sourceTree = "<group>"; };
		2FDAC6CA23C18200001003D5 /* YXBImageCell.m */ = {isa = PBXFileReference; fileEncoding = 4; lastKnownFileType = sourcecode.c.objc; path = YXBImageCell.m; sourceTree = "<group>"; };
		2FDAC6CB23C18200001003D5 /* YXBImageCell.h */ = {isa = PBXFileReference; fileEncoding = 4; lastKnownFileType = sourcecode.c.h; path = YXBImageCell.h; sourceTree = "<group>"; };
		2FDAC6CD23C18221001003D5 /* YXBFormLeftRightBgCell.m */ = {isa = PBXFileReference; fileEncoding = 4; lastKnownFileType = sourcecode.c.objc; path = YXBFormLeftRightBgCell.m; sourceTree = "<group>"; };
		2FDAC6CE23C18221001003D5 /* YXBFormLeftRightBgCell.h */ = {isa = PBXFileReference; fileEncoding = 4; lastKnownFileType = sourcecode.c.h; path = YXBFormLeftRightBgCell.h; sourceTree = "<group>"; };
		2FDAC6CF23C18221001003D5 /* YXBFormImageCell.h */ = {isa = PBXFileReference; fileEncoding = 4; lastKnownFileType = sourcecode.c.h; path = YXBFormImageCell.h; sourceTree = "<group>"; };
		2FDAC6D023C18221001003D5 /* YXBFormTopBottomCell.h */ = {isa = PBXFileReference; fileEncoding = 4; lastKnownFileType = sourcecode.c.h; path = YXBFormTopBottomCell.h; sourceTree = "<group>"; };
		2FDAC6D123C18221001003D5 /* YXBFormTopBottomCell.m */ = {isa = PBXFileReference; fileEncoding = 4; lastKnownFileType = sourcecode.c.objc; path = YXBFormTopBottomCell.m; sourceTree = "<group>"; };
		2FDAC6D223C18221001003D5 /* YXBFormImageCell.m */ = {isa = PBXFileReference; fileEncoding = 4; lastKnownFileType = sourcecode.c.objc; path = YXBFormImageCell.m; sourceTree = "<group>"; };
		2FDAC6D323C18221001003D5 /* YXBFormLeftRightCell.m */ = {isa = PBXFileReference; fileEncoding = 4; lastKnownFileType = sourcecode.c.objc; path = YXBFormLeftRightCell.m; sourceTree = "<group>"; };
		2FDAC6D423C18221001003D5 /* YXBFormLeftRightCell.h */ = {isa = PBXFileReference; fileEncoding = 4; lastKnownFileType = sourcecode.c.h; path = YXBFormLeftRightCell.h; sourceTree = "<group>"; };
		2FDAC6D923C18269001003D5 /* YXBNavigationController.h */ = {isa = PBXFileReference; fileEncoding = 4; lastKnownFileType = sourcecode.c.h; path = YXBNavigationController.h; sourceTree = "<group>"; };
		2FDAC6DA23C18269001003D5 /* YXBNavigationController.m */ = {isa = PBXFileReference; fileEncoding = 4; lastKnownFileType = sourcecode.c.objc; path = YXBNavigationController.m; sourceTree = "<group>"; };
		31756E4037A34D7EB210BA53 /* Pods-OCDemoProject.release.xcconfig */ = {isa = PBXFileReference; includeInIndex = 1; lastKnownFileType = text.xcconfig; name = "Pods-OCDemoProject.release.xcconfig"; path = "Target Support Files/Pods-OCDemoProject/Pods-OCDemoProject.release.xcconfig"; sourceTree = "<group>"; };
		555C36827C03D8CD8014566C /* Pods-OCDemoProject.debug.xcconfig */ = {isa = PBXFileReference; includeInIndex = 1; lastKnownFileType = text.xcconfig; name = "Pods-OCDemoProject.debug.xcconfig"; path = "Target Support Files/Pods-OCDemoProject/Pods-OCDemoProject.debug.xcconfig"; sourceTree = "<group>"; };
		7C0EAFC7B7E9B19FB72FC0C8 /* Pods-MyProject.release.xcconfig */ = {isa = PBXFileReference; includeInIndex = 1; lastKnownFileType = text.xcconfig; name = "Pods-MyProject.release.xcconfig"; path = "Target Support Files/Pods-MyProject/Pods-MyProject.release.xcconfig"; sourceTree = "<group>"; };
		929279B1344DFDA0EC8C48A3 /* Pods-MyProject.debug.xcconfig */ = {isa = PBXFileReference; includeInIndex = 1; lastKnownFileType = text.xcconfig; name = "Pods-MyProject.debug.xcconfig"; path = "Target Support Files/Pods-MyProject/Pods-MyProject.debug.xcconfig"; sourceTree = "<group>"; };
/* End PBXFileReference section */

/* Begin PBXFrameworksBuildPhase section */
		0C0A1DE723765D92004F886B /* Frameworks */ = {
			isa = PBXFrameworksBuildPhase;
			buildActionMask = 2147483647;
			files = (
				4022FDCE4F7B5D1A5E82BAA7 /* Pods_OCDemoProject.framework in Frameworks */,
			);
			runOnlyForDeploymentPostprocessing = 0;
		};
/* End PBXFrameworksBuildPhase section */

/* Begin PBXGroup section */
		0C0A1DE123765D92004F886B = {
			isa = PBXGroup;
			children = (
				0C0A1DEC23765D92004F886B /* MyProject */,
				0C0A1DEB23765D92004F886B /* Products */,
				6AB85BBA576DA41B745C1E46 /* Pods */,
				DDA919CE4003E3D8062BD4C7 /* Frameworks */,
			);
			sourceTree = "<group>";
		};
		0C0A1DEB23765D92004F886B /* Products */ = {
			isa = PBXGroup;
			children = (
				0C0A1DEA23765D92004F886B /* OCDemoProject.app */,
			);
			name = Products;
			sourceTree = "<group>";
		};
		0C0A1DEC23765D92004F886B /* MyProject */ = {
			isa = PBXGroup;
			children = (
				0C0A1E062376916B004F886B /* Lanch */,
				0C0A1E0723769192004F886B /* Base */,
				0C0A1E08237691A1004F886B /* Category */,
				0C0A1E09237691D1004F886B /* Extention */,
				0C5523A22379936900F1C8FE /* Public */,
				0C0A1E0E2376924A004F886B /* Class */,
				0C23D5D62396541D0084B326 /* Model */,
				0C0A1E0B237691EE004F886B /* Network */,
				0C0A1E0A237691DF004F886B /* UserData */,
				0C0A1E0D23769221004F886B /* Asset */,
			);
			path = MyProject;
			sourceTree = "<group>";
		};
		0C0A1E062376916B004F886B /* Lanch */ = {
			isa = PBXGroup;
			children = (
				0C0A1E13237693B7004F886B /* AppDelegate.h */,
				0C0A1E14237693B7004F886B /* AppDelegate.m */,
				0C5523A6237995B200F1C8FE /* MyProject.pch */,
				0C0A1E15237693B7004F886B /* main.m */,
				0C0A1E16237693B7004F886B /* Info.plist */,
				2FDAC6D923C18269001003D5 /* YXBNavigationController.h */,
				2FDAC6DA23C18269001003D5 /* YXBNavigationController.m */,
				0CD17C0B23769CB700B38DC8 /* TabBarViewController.h */,
				0CD17C0C23769CB700B38DC8 /* TabBarViewController.m */,
				0CD17C0F2376AF5800B38DC8 /* LaunchScreen.storyboard */,
				0C44D6072394C3290075DCAD /* YXBLanchManager.h */,
				0C44D6082394C3290075DCAD /* YXBLanchManager.m */,
				0C44D60D2394C4600075DCAD /* LanchAPI.h */,
				0C44D60E2394C4600075DCAD /* LanchAPI.m */,
				0C44D60A2394C3290075DCAD /* LanchPageModel.h */,
				0C44D6092394C3290075DCAD /* LanchPageModel.m */,
			);
			path = Lanch;
			sourceTree = "<group>";
		};
		0C0A1E0723769192004F886B /* Base */ = {
			isa = PBXGroup;
			children = (
				0C0BE83A237ECC0E0025D0F9 /* YXBBaseModel.h */,
				0C0BE83B237ECC0E0025D0F9 /* YXBBaseModel.m */,
				0C0BE848237ECD530025D0F9 /* YXBSection.h */,
				0C0BE849237ECD530025D0F9 /* YXBSection.m */,
				0C0BE83F237ECC1C0025D0F9 /* YXBCell.h */,
				0C0BE840237ECC1C0025D0F9 /* YXBCell.m */,
				0C23D5F2239657C20084B326 /* YXBButtonCell.h */,
				0C23D5F3239657C20084B326 /* YXBButtonCell.m */,
				2FDAC6CB23C18200001003D5 /* YXBImageCell.h */,
				2FDAC6CA23C18200001003D5 /* YXBImageCell.m */,
				0C0BE843237ECC720025D0F9 /* YXBCollectionCell.h */,
				0C0BE842237ECC720025D0F9 /* YXBCollectionCell.m */,
				0C0BE845237ECC890025D0F9 /* YXBHeaderView.h */,
				0C0BE846237ECC890025D0F9 /* YXBHeaderView.m */,
				2FDAC6CF23C18221001003D5 /* YXBFormImageCell.h */,
				2FDAC6D223C18221001003D5 /* YXBFormImageCell.m */,
				2FDAC6CE23C18221001003D5 /* YXBFormLeftRightBgCell.h */,
				2FDAC6CD23C18221001003D5 /* YXBFormLeftRightBgCell.m */,
				2FDAC6D423C18221001003D5 /* YXBFormLeftRightCell.h */,
				2FDAC6D323C18221001003D5 /* YXBFormLeftRightCell.m */,
				2FDAC6D023C18221001003D5 /* YXBFormTopBottomCell.h */,
				2FDAC6D123C18221001003D5 /* YXBFormTopBottomCell.m */,
			);
			path = Base;
			sourceTree = "<group>";
		};
		0C0A1E08237691A1004F886B /* Category */ = {
			isa = PBXGroup;
			children = (
				0C0BE84C237ECE4C0025D0F9 /* NSArray+IGListDiffable.h */,
				0C0BE84B237ECE4C0025D0F9 /* NSArray+IGListDiffable.m */,
				0CFBCB9123812FAE00D3921F /* NSObject+YXBAdd.h */,
				0CFBCB9223812FAE00D3921F /* NSObject+YXBAdd.m */,
				0CAD6DE42387B7E400306602 /* NSArray+YXBAdd.h */,
				0CAD6DE12387B7E400306602 /* NSArray+YXBAdd.m */,
				0CAD6DE32387B7E400306602 /* UIImage+YXBAdd.h */,
				0CAD6DE22387B7E400306602 /* UIImage+YXBAdd.m */,
				2FDAC6C123C181A8001003D5 /* UIView+Xib.h */,
				2FDAC6C323C181A8001003D5 /* UIView+Xib.m */,
				2FDAC6C523C181A8001003D5 /* UIButton+YXBAdd.h */,
				2FDAC6C023C181A8001003D5 /* UIButton+YXBAdd.m */,
				2FDAC6BE23C181A7001003D5 /* UIViewController+YXBAdd.h */,
				2FDAC6BF23C181A8001003D5 /* UIViewController+YXBAdd.m */,
				2FDAC6C423C181A8001003D5 /* NSLayoutConstraint+AutoScale.h */,
				2FDAC6C223C181A8001003D5 /* NSLayoutConstraint+AutoScale.m */,
			);
			path = Category;
			sourceTree = "<group>";
		};
		0C0A1E09237691D1004F886B /* Extention */ = {
			isa = PBXGroup;
			children = (
				0CFBCB8223812F2700D3921F /* ChineseToPinyin.h */,
				0CFBCB8123812F2700D3921F /* ChineseToPinyin.m */,
				0CFBCB8723812F2700D3921F /* YXBCheckRegular.h */,
				0CFBCB8023812F2700D3921F /* YXBCheckRegular.m */,
				0CFBCB8623812F2700D3921F /* YXBTapAreaButton.h */,
				0CFBCB8A23812F2700D3921F /* YXBTapAreaButton.m */,
				0CFBCB8323812F2700D3921F /* YXBTextField.h */,
				0CFBCB8823812F2700D3921F /* YXBTextField.m */,
				0CFBCB8423812F2700D3921F /* YXBUnicode.m */,
				0C44D6002394AE660075DCAD /* LYLWKWebView.h */,
				0C44D5FE2394AE650075DCAD /* LYLWKWebView.m */,
				0C44D5FF2394AE660075DCAD /* WCQRCodeVC.h */,
				0C44D6012394AE660075DCAD /* WCQRCodeVC.m */,
				2FDAC6B923C1815D001003D5 /* CDDetailHeaderView.h */,
				2FDAC6BA23C1815D001003D5 /* CDDetailHeaderView.m */,
				2FDAC6BB23C1815D001003D5 /* CDDetailHeaderView.xib */,
			);
			path = Extention;
			sourceTree = "<group>";
		};
		0C0A1E0A237691DF004F886B /* UserData */ = {
			isa = PBXGroup;
			children = (
				0CAD6DC0238785CB00306602 /* UserManager.h */,
				0CAD6DC1238785CB00306602 /* UserManager.m */,
			);
			path = UserData;
			sourceTree = "<group>";
		};
		0C0A1E0B237691EE004F886B /* Network */ = {
			isa = PBXGroup;
			children = (
				0C5523A32379940400F1C8FE /* Config */,
				0C5523A42379940B00F1C8FE /* API */,
			);
			path = Network;
			sourceTree = "<group>";
		};
		0C0A1E0D23769221004F886B /* Asset */ = {
			isa = PBXGroup;
			children = (
				0C0A1DF923765D94004F886B /* Assets.xcassets */,
			);
			path = Asset;
			sourceTree = "<group>";
		};
		0C0A1E0E2376924A004F886B /* Class */ = {
			isa = PBXGroup;
			children = (
				0C0A1E1223769270004F886B /* 首页 */,
				0C23D59D239652D00084B326 /* 发圈 */,
				0C0A1E112376926D004F886B /* 会员 */,
				0C0A1E102376926B004F886B /* 购物车 */,
				0C0A1E0F23769268004F886B /* 我的 */,
			);
			path = Class;
			sourceTree = "<group>";
		};
		0C0A1E0F23769268004F886B /* 我的 */ = {
			isa = PBXGroup;
			children = (
			);
			path = "我的";
			sourceTree = "<group>";
		};
		0C0A1E102376926B004F886B /* 购物车 */ = {
			isa = PBXGroup;
			children = (
			);
			path = "购物车";
			sourceTree = "<group>";
		};
		0C0A1E112376926D004F886B /* 会员 */ = {
			isa = PBXGroup;
			children = (
				0C23D59023964CAE0084B326 /* 会员首页 */,
			);
			path = "会员";
			sourceTree = "<group>";
		};
		0C0A1E1223769270004F886B /* 首页 */ = {
			isa = PBXGroup;
			children = (
				0CD17C112376BA9E00B38DC8 /* SPHomeViewController.h */,
				0CD17C122376BA9E00B38DC8 /* SPHomeViewController.m */,
				2FDAC6A423C18040001003D5 /* SPBannerSectionController.h */,
				2FDAC6A223C18040001003D5 /* SPBannerSectionController.m */,
				2FDAC69623C1803F001003D5 /* SPBannerHeaderView.h */,
				2FDAC69523C1803F001003D5 /* SPBannerHeaderView.m */,
				2FDAC6A323C18040001003D5 /* SPBannerCell.h */,
				2FDAC6A023C18040001003D5 /* SPBannerCell.m */,
				2FDAC69923C1803F001003D5 /* SPHomeButtonSection.h */,
				2FDAC69323C1803F001003D5 /* SPHomeButtonSection.m */,
				2FDAC69723C1803F001003D5 /* SPHomeNotificSection.h */,
				2FDAC69223C1803F001003D5 /* SPHomeNotificSection.m */,
				2FDAC6A923C18040001003D5 /* SPHomeNotificCell.h */,
				2FDAC69A23C1803F001003D5 /* SPHomeNotificCell.m */,
				2FDAC69F23C18040001003D5 /* SPHomePictureSection.h */,
				2FDAC69E23C18040001003D5 /* SPHomePictureSection.m */,
				2FDAC6A723C18040001003D5 /* SPHomeSecKillSection.h */,
				2FDAC6A623C18040001003D5 /* SPHomeSecKillSection.m */,
				2FDAC6A823C18040001003D5 /* SPHomeSeckillTimeCell.h */,
				2FDAC69C23C1803F001003D5 /* SPHomeSeckillTimeCell.m */,
				2FDAC69423C1803F001003D5 /* SPHomeSeckillCollectionCell.h */,
				2FDAC6AB23C18041001003D5 /* SPHomeSeckillCollectionCell.m */,
				2FDAC69823C1803F001003D5 /* SPHomeTeamSection.h */,
				2FDAC6A523C18040001003D5 /* SPHomeTeamSection.m */,
				2FDAC6A123C18040001003D5 /* SPHomeTeamTwoSection.h */,
				2FDAC69D23C1803F001003D5 /* SPHomeTeamTwoSection.m */,
				2FDAC69B23C1803F001003D5 /* SPRecomendSection.h */,
				2FDAC6AA23C18040001003D5 /* SPRecomendSection.m */,
			);
			path = "首页";
			sourceTree = "<group>";
		};
		0C23D59023964CAE0084B326 /* 会员首页 */ = {
			isa = PBXGroup;
			children = (
				0C23D59423964CAE0084B326 /* MemberViewController.h */,
				0C23D59723964CAE0084B326 /* MemberViewController.m */,
				0C23D59523964CAE0084B326 /* MShareSection.h */,
				0C23D59223964CAE0084B326 /* MShareSection.m */,
				0C23D59823964CAE0084B326 /* MGiftSection.h */,
				0C23D59323964CAE0084B326 /* MGiftSection.m */,
				0C23D59623964CAE0084B326 /* MGiftCell.h */,
				0C23D59123964CAE0084B326 /* MGiftCell.m */,
			);
			path = "会员首页";
			sourceTree = "<group>";
		};
		0C23D59D239652D00084B326 /* 发圈 */ = {
			isa = PBXGroup;
			children = (
				0C23D5F6239658830084B326 /* API */,
				0C23D5F52396587C0084B326 /* Model */,
				0C23D59E239652D00084B326 /* 首页 */,
				0C23D5A1239652D00084B326 /* 发布图文 */,
				0C23D5A4239652D00084B326 /* 视频 */,
				0C23D5B3239652D00084B326 /* 图文 */,
			);
			name = "发圈";
			path = "MyProject/Class/发圈";
			sourceTree = SOURCE_ROOT;
		};
		0C23D59E239652D00084B326 /* 首页 */ = {
			isa = PBXGroup;
			children = (
				0C23D5A0239652D00084B326 /* CMHomeViewController.h */,
				0C23D59F239652D00084B326 /* CMHomeViewController.m */,
			);
			path = "首页";
			sourceTree = "<group>";
		};
		0C23D5A1239652D00084B326 /* 发布图文 */ = {
			isa = PBXGroup;
			children = (
				0C23D5A3239652D00084B326 /* CMSendImageTextViewController.h */,
				0C23D5A2239652D00084B326 /* CMSendImageTextViewController.m */,
			);
			path = "发布图文";
			sourceTree = "<group>";
		};
		0C23D5A4239652D00084B326 /* 视频 */ = {
			isa = PBXGroup;
			children = (
				0C23D5AF239652D00084B326 /* CMVideoPageViewController.h */,
				0C23D5A7239652D00084B326 /* CMVideoPageViewController.m */,
				0C23D5B2239652D00084B326 /* CMVideoBaseViewController.h */,
				0C23D5AA239652D00084B326 /* CMVideoBaseViewController.m */,
				0C23D5A8239652D00084B326 /* CMVideoViewController.h */,
				0C23D5AE239652D00084B326 /* CMVideoViewController.m */,
				0C23D5AB239652D00084B326 /* UIView+Alert.h */,
				0C23D5B1239652D00084B326 /* UIView+Alert.m */,
				0C23D5A6239652D00084B326 /* CMCommentViewController.h */,
				0C23D5AC239652D00084B326 /* CMCommentViewController.m */,
				0C23D5A5239652D00084B326 /* CMCommentCell.h */,
				0C23D5AD239652D00084B326 /* CMCommentCell.m */,
				0C23D5A9239652D00084B326 /* CMProductViewController.h */,
				0C23D5B0239652D00084B326 /* CMProductViewController.m */,
				0C23D5E12396558D0084B326 /* SPSearchResultCell.h */,
				0C23D5E02396558D0084B326 /* SPSearchResultCell.m */,
			);
			path = "视频";
			sourceTree = "<group>";
		};
		0C23D5B3239652D00084B326 /* 图文 */ = {
			isa = PBXGroup;
			children = (
				0C23D5B4239652D00084B326 /* CMImageTextViewController.h */,
				0C23D5BC239652D00084B326 /* CMImageTextViewController.m */,
				0C23D5BE239652D00084B326 /* CMReconmmendPictureSection.h */,
				0C23D5B8239652D00084B326 /* CMReconmmendPictureSection.m */,
				0C23D5BA239652D00084B326 /* CMRecommendSection3.h */,
				0C23D5C0239652D00084B326 /* CMRecommendSection3.m */,
				0C23D5B5239652D00084B326 /* CMRecommendSection4.h */,
				0C23D5BD239652D00084B326 /* CMRecommendSection4.m */,
				0C23D5BF239652D00084B326 /* BrandsCell.h */,
				0C23D5B7239652D00084B326 /* BrandsCell.m */,
				0C23D5BB239652D00084B326 /* BrandsCell.xib */,
				0C23D5B9239652D00084B326 /* CMReconmmendCell.h */,
				0C23D5C1239652D00084B326 /* CMReconmmendCell.m */,
				0C23D5B6239652D00084B326 /* CMReconmmendCell.xib */,
			);
			path = "图文";
			sourceTree = "<group>";
		};
		0C23D5D62396541D0084B326 /* Model */ = {
			isa = PBXGroup;
			children = (
			);
			path = Model;
			sourceTree = "<group>";
		};
		0C23D5F52396587C0084B326 /* Model */ = {
			isa = PBXGroup;
			children = (
				0C23D607239658E40084B326 /* CMCommentModel.h */,
				0C23D603239658E40084B326 /* CMCommentModel.m */,
				0C23D605239658E40084B326 /* CMImageTextModel.h */,
				0C23D606239658E40084B326 /* CMImageTextModel.m */,
				0C23D604239658E40084B326 /* CMVideoModel.h */,
				0C23D608239658E40084B326 /* CMVideoModel.m */,
				0C23D609239658E40084B326 /* ProductModel.h */,
				0C23D60A239658E40084B326 /* ProductModel.m */,
			);
			path = Model;
			sourceTree = "<group>";
		};
		0C23D5F6239658830084B326 /* API */ = {
			isa = PBXGroup;
			children = (
				0C23D5FA239658D40084B326 /* CircleCollectionAPI.h */,
				0C23D5F8239658D40084B326 /* CircleCollectionAPI.m */,
				0C23D5FD239658D40084B326 /* InsVideoCommentAPI.h */,
				0C23D5FB239658D40084B326 /* InsVideoCommentAPI.m */,
				0C23D5F7239658D40084B326 /* SelVideoAPI.h */,
				0C23D5FE239658D40084B326 /* SelVideoAPI.m */,
				0C23D5F9239658D40084B326 /* SelVideoCommentListAPI.h */,
				0C23D5FC239658D40084B326 /* SelVideoCommentListAPI.m */,
			);
			path = API;
			sourceTree = "<group>";
		};
		0C5523A22379936900F1C8FE /* Public */ = {
			isa = PBXGroup;
			children = (
				0C5523A52379950C00F1C8FE /* YXBColorDefine.h */,
				0C5523A7237997DC00F1C8FE /* YXBDeviceDefine.h */,
				0CB6DA92237ADF4E00C95C8E /* YXBTransitionDefine.h */,
				0CFBCB7F23812EFB00D3921F /* YXBPublicDefine.h */,
				0C44D6042394B06E0075DCAD /* YXBConstDefine.h */,
				0C44D6052394B06E0075DCAD /* YXBConstDefine.m */,
				0C5D0363239637BF00F5A773 /* YXBCodeSnipped.h */,
			);
			path = Public;
			sourceTree = "<group>";
		};
		0C5523A32379940400F1C8FE /* Config */ = {
			isa = PBXGroup;
			children = (
				0C0BE84E237ED07B0025D0F9 /* YXBNetConfiger.h */,
				0C0BE851237ED07C0025D0F9 /* YXBNetConfiger.m */,
				0C0BE850237ED07C0025D0F9 /* MyRequst.h */,
				0C0BE84F237ED07B0025D0F9 /* MyRequst.m */,
			);
			path = Config;
			sourceTree = "<group>";
		};
		0C5523A42379940B00F1C8FE /* API */ = {
			isa = PBXGroup;
			children = (
			);
			path = API;
			sourceTree = "<group>";
		};
		6AB85BBA576DA41B745C1E46 /* Pods */ = {
			isa = PBXGroup;
			children = (
				929279B1344DFDA0EC8C48A3 /* Pods-MyProject.debug.xcconfig */,
				7C0EAFC7B7E9B19FB72FC0C8 /* Pods-MyProject.release.xcconfig */,
				555C36827C03D8CD8014566C /* Pods-OCDemoProject.debug.xcconfig */,
				31756E4037A34D7EB210BA53 /* Pods-OCDemoProject.release.xcconfig */,
			);
			path = Pods;
			sourceTree = "<group>";
		};
		DDA919CE4003E3D8062BD4C7 /* Frameworks */ = {
			isa = PBXGroup;
			children = (
				27F625E780A70100A9657E7E /* Pods_OCDemoProject.framework */,
			);
			name = Frameworks;
			sourceTree = "<group>";
		};
/* End PBXGroup section */

/* Begin PBXNativeTarget section */
		0C0A1DE923765D92004F886B /* OCDemoProject */ = {
			isa = PBXNativeTarget;
			buildConfigurationList = 0C0A1E0323765D94004F886B /* Build configuration list for PBXNativeTarget "OCDemoProject" */;
			buildPhases = (
				E9D970F1DC22F85C6DB8D9E8 /* [CP] Check Pods Manifest.lock */,
				0C0A1DE623765D92004F886B /* Sources */,
				0C0A1DE723765D92004F886B /* Frameworks */,
				0C0A1DE823765D92004F886B /* Resources */,
				B86DB6A08E592EEED5B79D63 /* [CP] Embed Pods Frameworks */,
			);
			buildRules = (
			);
			dependencies = (
			);
			name = OCDemoProject;
			productName = MyProject;
			productReference = 0C0A1DEA23765D92004F886B /* OCDemoProject.app */;
			productType = "com.apple.product-type.application";
		};
/* End PBXNativeTarget section */

/* Begin PBXProject section */
		0C0A1DE223765D92004F886B /* Project object */ = {
			isa = PBXProject;
			attributes = {
				LastUpgradeCheck = 1110;
				ORGANIZATIONNAME = YangXiaoBin;
				TargetAttributes = {
					0C0A1DE923765D92004F886B = {
						CreatedOnToolsVersion = 11.1;
					};
				};
			};
			buildConfigurationList = 0C0A1DE523765D92004F886B /* Build configuration list for PBXProject "OCDemoProject" */;
			compatibilityVersion = "Xcode 9.3";
			developmentRegion = en;
			hasScannedForEncodings = 0;
			knownRegions = (
				en,
				Base,
			);
			mainGroup = 0C0A1DE123765D92004F886B;
			productRefGroup = 0C0A1DEB23765D92004F886B /* Products */;
			projectDirPath = "";
			projectRoot = "";
			targets = (
				0C0A1DE923765D92004F886B /* OCDemoProject */,
			);
		};
/* End PBXProject section */

/* Begin PBXResourcesBuildPhase section */
		0C0A1DE823765D92004F886B /* Resources */ = {
			isa = PBXResourcesBuildPhase;
			buildActionMask = 2147483647;
			files = (
				0C23D5CB239652D00084B326 /* CMReconmmendCell.xib in Resources */,
				2FDAC6BD23C1815D001003D5 /* CDDetailHeaderView.xib in Resources */,
				0C23D5CE239652D00084B326 /* BrandsCell.xib in Resources */,
				0CD17C0E2376AE1A00B38DC8 /* Assets.xcassets in Resources */,
				0CD17C102376AF5800B38DC8 /* LaunchScreen.storyboard in Resources */,
			);
			runOnlyForDeploymentPostprocessing = 0;
		};
/* End PBXResourcesBuildPhase section */

/* Begin PBXShellScriptBuildPhase section */
		B86DB6A08E592EEED5B79D63 /* [CP] Embed Pods Frameworks */ = {
			isa = PBXShellScriptBuildPhase;
			buildActionMask = 2147483647;
			files = (
			);
			inputFileListPaths = (
				"${PODS_ROOT}/Target Support Files/Pods-OCDemoProject/Pods-OCDemoProject-frameworks-${CONFIGURATION}-input-files.xcfilelist",
			);
			name = "[CP] Embed Pods Frameworks";
			outputFileListPaths = (
				"${PODS_ROOT}/Target Support Files/Pods-OCDemoProject/Pods-OCDemoProject-frameworks-${CONFIGURATION}-output-files.xcfilelist",
			);
			runOnlyForDeploymentPostprocessing = 0;
			shellPath = /bin/sh;
			shellScript = "\"${PODS_ROOT}/Target Support Files/Pods-OCDemoProject/Pods-OCDemoProject-frameworks.sh\"\n";
			showEnvVarsInLog = 0;
		};
		E9D970F1DC22F85C6DB8D9E8 /* [CP] Check Pods Manifest.lock */ = {
			isa = PBXShellScriptBuildPhase;
			buildActionMask = 2147483647;
			files = (
			);
			inputFileListPaths = (
			);
			inputPaths = (
				"${PODS_PODFILE_DIR_PATH}/Podfile.lock",
				"${PODS_ROOT}/Manifest.lock",
			);
			name = "[CP] Check Pods Manifest.lock";
			outputFileListPaths = (
			);
			outputPaths = (
				"$(DERIVED_FILE_DIR)/Pods-OCDemoProject-checkManifestLockResult.txt",
			);
			runOnlyForDeploymentPostprocessing = 0;
			shellPath = /bin/sh;
			shellScript = "diff \"${PODS_PODFILE_DIR_PATH}/Podfile.lock\" \"${PODS_ROOT}/Manifest.lock\" > /dev/null\nif [ $? != 0 ] ; then\n    # print error to STDERR\n    echo \"error: The sandbox is not in sync with the Podfile.lock. Run 'pod install' or update your CocoaPods installation.\" >&2\n    exit 1\nfi\n# This output is used by Xcode 'outputs' to avoid re-running this script phase.\necho \"SUCCESS\" > \"${SCRIPT_OUTPUT_FILE_0}\"\n";
			showEnvVarsInLog = 0;
		};
/* End PBXShellScriptBuildPhase section */

/* Begin PBXSourcesBuildPhase section */
		0C0A1DE623765D92004F886B /* Sources */ = {
			isa = PBXSourcesBuildPhase;
			buildActionMask = 2147483647;
			files = (
				2FDAC6B523C18041001003D5 /* SPHomeTeamSection.m in Sources */,
				2FDAC6D623C18221001003D5 /* YXBFormTopBottomCell.m in Sources */,
				0C44D6032394AE660075DCAD /* WCQRCodeVC.m in Sources */,
				0C23D602239658D40084B326 /* SelVideoAPI.m in Sources */,
				0C23D5C9239652D00084B326 /* CMProductViewController.m in Sources */,
				2FDAC6C923C181A8001003D5 /* UIView+Xib.m in Sources */,
				2FDAC6B123C18041001003D5 /* SPHomeTeamTwoSection.m in Sources */,
				0CD17C132376BA9E00B38DC8 /* SPHomeViewController.m in Sources */,
				0CD17C0D23769CB700B38DC8 /* TabBarViewController.m in Sources */,
				0C44D60F2394C4600075DCAD /* LanchAPI.m in Sources */,
				0CAD6DC2238785CB00306602 /* UserManager.m in Sources */,
				2FDAC6DB23C18269001003D5 /* YXBNavigationController.m in Sources */,
				2FDAC6B623C18041001003D5 /* SPHomeSecKillSection.m in Sources */,
				0C0BE841237ECC1C0025D0F9 /* YXBCell.m in Sources */,
				0C23D5F4239657C20084B326 /* YXBButtonCell.m in Sources */,
				0C23D60D239658E40084B326 /* CMVideoModel.m in Sources */,
				2FDAC6C723C181A8001003D5 /* UIButton+YXBAdd.m in Sources */,
				0CFBCB8C23812F2700D3921F /* ChineseToPinyin.m in Sources */,
				0C23D5D1239652D00084B326 /* CMRecommendSection3.m in Sources */,
				0C0BE84A237ECD530025D0F9 /* YXBSection.m in Sources */,
				0CFBCB8E23812F2700D3921F /* YXBTextField.m in Sources */,
				2FDAC6B423C18041001003D5 /* SPBannerSectionController.m in Sources */,
				2FDAC6AF23C18041001003D5 /* SPHomeNotificCell.m in Sources */,
				0C23D5C2239652D00084B326 /* CMHomeViewController.m in Sources */,
				2FDAC6AC23C18041001003D5 /* SPHomeNotificSection.m in Sources */,
				0C23D5D0239652D00084B326 /* CMRecommendSection4.m in Sources */,
				0C23D5E22396558E0084B326 /* SPSearchResultCell.m in Sources */,
				0C23D5C8239652D00084B326 /* CMVideoViewController.m in Sources */,
				0C23D60B239658E40084B326 /* CMCommentModel.m in Sources */,
				0C23D5C3239652D00084B326 /* CMSendImageTextViewController.m in Sources */,
				0C23D5CF239652D00084B326 /* CMImageTextViewController.m in Sources */,
				0C23D5CA239652D00084B326 /* UIView+Alert.m in Sources */,
				0C23D5C7239652D00084B326 /* CMCommentCell.m in Sources */,
				0C44D6062394B06E0075DCAD /* YXBConstDefine.m in Sources */,
				0C23D600239658D40084B326 /* InsVideoCommentAPI.m in Sources */,
				0C23D5D2239652D00084B326 /* CMReconmmendCell.m in Sources */,
				0C44D60C2394C3290075DCAD /* LanchPageModel.m in Sources */,
				0C23D60E239658E40084B326 /* ProductModel.m in Sources */,
				0C0BE847237ECC890025D0F9 /* YXBHeaderView.m in Sources */,
				2FDAC6BC23C1815D001003D5 /* CDDetailHeaderView.m in Sources */,
				2FDAC6D723C18221001003D5 /* YXBFormImageCell.m in Sources */,
				0C44D60B2394C3290075DCAD /* YXBLanchManager.m in Sources */,
				0CFBCB8D23812F2700D3921F /* YXBUnicode.m in Sources */,
				2FDAC6D523C18221001003D5 /* YXBFormLeftRightBgCell.m in Sources */,
				2FDAC6C823C181A8001003D5 /* NSLayoutConstraint+AutoScale.m in Sources */,
				2FDAC6B323C18041001003D5 /* SPBannerCell.m in Sources */,
				2FDAC6B023C18041001003D5 /* SPHomeSeckillTimeCell.m in Sources */,
				0C23D5C5239652D00084B326 /* CMVideoBaseViewController.m in Sources */,
				0CAD6DE62387B7E400306602 /* UIImage+YXBAdd.m in Sources */,
				0CAD6DE52387B7E400306602 /* NSArray+YXBAdd.m in Sources */,
				0C23D60C239658E40084B326 /* CMImageTextModel.m in Sources */,
				2FDAC6B723C18041001003D5 /* SPRecomendSection.m in Sources */,
				0C44D6022394AE660075DCAD /* LYLWKWebView.m in Sources */,
				0C23D601239658D40084B326 /* SelVideoCommentListAPI.m in Sources */,
				0C23D59B23964CAF0084B326 /* MGiftSection.m in Sources */,
				2FDAC6AD23C18041001003D5 /* SPHomeButtonSection.m in Sources */,
				0C0BE852237ED07C0025D0F9 /* MyRequst.m in Sources */,
				2FDAC6AE23C18041001003D5 /* SPBannerHeaderView.m in Sources */,
				0C23D5FF239658D40084B326 /* CircleCollectionAPI.m in Sources */,
				0CFBCB9023812F2700D3921F /* YXBTapAreaButton.m in Sources */,
				0C23D5CC239652D00084B326 /* BrandsCell.m in Sources */,
				2FDAC6B223C18041001003D5 /* SPHomePictureSection.m in Sources */,
				0CFBCB9323812FAE00D3921F /* NSObject+YXBAdd.m in Sources */,
				0C0A1E17237693B7004F886B /* AppDelegate.m in Sources */,
				0CFBCB8B23812F2700D3921F /* YXBCheckRegular.m in Sources */,
				0C23D5C6239652D00084B326 /* CMCommentViewController.m in Sources */,
				0C23D59C23964CAF0084B326 /* MemberViewController.m in Sources */,
				0C0BE844237ECC720025D0F9 /* YXBCollectionCell.m in Sources */,
				0C23D5C4239652D00084B326 /* CMVideoPageViewController.m in Sources */,
				0C0A1E18237693B7004F886B /* main.m in Sources */,
				0C0BE83D237ECC0E0025D0F9 /* YXBBaseModel.m in Sources */,
				0C23D59A23964CAF0084B326 /* MShareSection.m in Sources */,
				2FDAC6D823C18221001003D5 /* YXBFormLeftRightCell.m in Sources */,
				2FDAC6B823C18041001003D5 /* SPHomeSeckillCollectionCell.m in Sources */,
				2FDAC6CC23C18200001003D5 /* YXBImageCell.m in Sources */,
				0C23D5CD239652D00084B326 /* CMReconmmendPictureSection.m in Sources */,
				0C23D59923964CAF0084B326 /* MGiftCell.m in Sources */,
				2FDAC6C623C181A8001003D5 /* UIViewController+YXBAdd.m in Sources */,
				0C0BE853237ED07C0025D0F9 /* YXBNetConfiger.m in Sources */,
				0C0BE84D237ECE4C0025D0F9 /* NSArray+IGListDiffable.m in Sources */,
			);
			runOnlyForDeploymentPostprocessing = 0;
		};
/* End PBXSourcesBuildPhase section */

/* Begin XCBuildConfiguration section */
		0C0A1E0123765D94004F886B /* Debug */ = {
			isa = XCBuildConfiguration;
			buildSettings = {
				ALWAYS_SEARCH_USER_PATHS = NO;
				CLANG_ANALYZER_NONNULL = YES;
				CLANG_ANALYZER_NUMBER_OBJECT_CONVERSION = YES_AGGRESSIVE;
				CLANG_CXX_LANGUAGE_STANDARD = "gnu++14";
				CLANG_CXX_LIBRARY = "libc++";
				CLANG_ENABLE_MODULES = YES;
				CLANG_ENABLE_OBJC_ARC = YES;
				CLANG_ENABLE_OBJC_WEAK = YES;
				CLANG_WARN_BLOCK_CAPTURE_AUTORELEASING = YES;
				CLANG_WARN_BOOL_CONVERSION = YES;
				CLANG_WARN_COMMA = YES;
				CLANG_WARN_CONSTANT_CONVERSION = YES;
				CLANG_WARN_DEPRECATED_OBJC_IMPLEMENTATIONS = YES;
				CLANG_WARN_DIRECT_OBJC_ISA_USAGE = YES_ERROR;
				CLANG_WARN_DOCUMENTATION_COMMENTS = YES;
				CLANG_WARN_EMPTY_BODY = YES;
				CLANG_WARN_ENUM_CONVERSION = YES;
				CLANG_WARN_INFINITE_RECURSION = YES;
				CLANG_WARN_INT_CONVERSION = YES;
				CLANG_WARN_NON_LITERAL_NULL_CONVERSION = YES;
				CLANG_WARN_OBJC_IMPLICIT_RETAIN_SELF = YES;
				CLANG_WARN_OBJC_LITERAL_CONVERSION = YES;
				CLANG_WARN_OBJC_ROOT_CLASS = YES_ERROR;
				CLANG_WARN_RANGE_LOOP_ANALYSIS = YES;
				CLANG_WARN_STRICT_PROTOTYPES = YES;
				CLANG_WARN_SUSPICIOUS_MOVE = YES;
				CLANG_WARN_UNGUARDED_AVAILABILITY = YES_AGGRESSIVE;
				CLANG_WARN_UNREACHABLE_CODE = YES;
				CLANG_WARN__DUPLICATE_METHOD_MATCH = YES;
				COPY_PHASE_STRIP = NO;
				DEBUG_INFORMATION_FORMAT = dwarf;
				ENABLE_STRICT_OBJC_MSGSEND = YES;
				ENABLE_TESTABILITY = YES;
				GCC_C_LANGUAGE_STANDARD = gnu11;
				GCC_DYNAMIC_NO_PIC = NO;
				GCC_NO_COMMON_BLOCKS = YES;
				GCC_OPTIMIZATION_LEVEL = 0;
				GCC_PREPROCESSOR_DEFINITIONS = (
					"DEBUG=1",
					"$(inherited)",
				);
				GCC_WARN_64_TO_32_BIT_CONVERSION = YES;
				GCC_WARN_ABOUT_RETURN_TYPE = YES_ERROR;
				GCC_WARN_UNDECLARED_SELECTOR = YES;
				GCC_WARN_UNINITIALIZED_AUTOS = YES_AGGRESSIVE;
				GCC_WARN_UNUSED_FUNCTION = YES;
				GCC_WARN_UNUSED_VARIABLE = YES;
				IPHONEOS_DEPLOYMENT_TARGET = 13.1;
				MTL_ENABLE_DEBUG_INFO = INCLUDE_SOURCE;
				MTL_FAST_MATH = YES;
				ONLY_ACTIVE_ARCH = YES;
				SDKROOT = iphoneos;
			};
			name = Debug;
		};
		0C0A1E0223765D94004F886B /* Release */ = {
			isa = XCBuildConfiguration;
			buildSettings = {
				ALWAYS_SEARCH_USER_PATHS = NO;
				CLANG_ANALYZER_NONNULL = YES;
				CLANG_ANALYZER_NUMBER_OBJECT_CONVERSION = YES_AGGRESSIVE;
				CLANG_CXX_LANGUAGE_STANDARD = "gnu++14";
				CLANG_CXX_LIBRARY = "libc++";
				CLANG_ENABLE_MODULES = YES;
				CLANG_ENABLE_OBJC_ARC = YES;
				CLANG_ENABLE_OBJC_WEAK = YES;
				CLANG_WARN_BLOCK_CAPTURE_AUTORELEASING = YES;
				CLANG_WARN_BOOL_CONVERSION = YES;
				CLANG_WARN_COMMA = YES;
				CLANG_WARN_CONSTANT_CONVERSION = YES;
				CLANG_WARN_DEPRECATED_OBJC_IMPLEMENTATIONS = YES;
				CLANG_WARN_DIRECT_OBJC_ISA_USAGE = YES_ERROR;
				CLANG_WARN_DOCUMENTATION_COMMENTS = YES;
				CLANG_WARN_EMPTY_BODY = YES;
				CLANG_WARN_ENUM_CONVERSION = YES;
				CLANG_WARN_INFINITE_RECURSION = YES;
				CLANG_WARN_INT_CONVERSION = YES;
				CLANG_WARN_NON_LITERAL_NULL_CONVERSION = YES;
				CLANG_WARN_OBJC_IMPLICIT_RETAIN_SELF = YES;
				CLANG_WARN_OBJC_LITERAL_CONVERSION = YES;
				CLANG_WARN_OBJC_ROOT_CLASS = YES_ERROR;
				CLANG_WARN_RANGE_LOOP_ANALYSIS = YES;
				CLANG_WARN_STRICT_PROTOTYPES = YES;
				CLANG_WARN_SUSPICIOUS_MOVE = YES;
				CLANG_WARN_UNGUARDED_AVAILABILITY = YES_AGGRESSIVE;
				CLANG_WARN_UNREACHABLE_CODE = YES;
				CLANG_WARN__DUPLICATE_METHOD_MATCH = YES;
				COPY_PHASE_STRIP = NO;
				DEBUG_INFORMATION_FORMAT = "dwarf-with-dsym";
				ENABLE_NS_ASSERTIONS = NO;
				ENABLE_STRICT_OBJC_MSGSEND = YES;
				GCC_C_LANGUAGE_STANDARD = gnu11;
				GCC_NO_COMMON_BLOCKS = YES;
				GCC_WARN_64_TO_32_BIT_CONVERSION = YES;
				GCC_WARN_ABOUT_RETURN_TYPE = YES_ERROR;
				GCC_WARN_UNDECLARED_SELECTOR = YES;
				GCC_WARN_UNINITIALIZED_AUTOS = YES_AGGRESSIVE;
				GCC_WARN_UNUSED_FUNCTION = YES;
				GCC_WARN_UNUSED_VARIABLE = YES;
				IPHONEOS_DEPLOYMENT_TARGET = 13.1;
				MTL_ENABLE_DEBUG_INFO = NO;
				MTL_FAST_MATH = YES;
				SDKROOT = iphoneos;
				VALIDATE_PRODUCT = YES;
			};
			name = Release;
		};
		0C0A1E0423765D94004F886B /* Debug */ = {
			isa = XCBuildConfiguration;
			baseConfigurationReference = 555C36827C03D8CD8014566C /* Pods-OCDemoProject.debug.xcconfig */;
			buildSettings = {
				ASSETCATALOG_COMPILER_APPICON_NAME = AppIcon;
				CODE_SIGN_STYLE = Automatic;
				DEVELOPMENT_TEAM = 99978K4746;
				GCC_PREFIX_HEADER = MyProject/Lanch/MyProject.pch;
				INFOPLIST_FILE = "$(SRCROOT)/MyProject/Lanch/Info.plist";
				IPHONEOS_DEPLOYMENT_TARGET = 10.0;
				LD_RUNPATH_SEARCH_PATHS = (
					"$(inherited)",
					"@executable_path/Frameworks",
				);
				PRODUCT_BUNDLE_IDENTIFIER = OC.Demo.MyProject;
				PRODUCT_NAME = "$(TARGET_NAME)";
				TARGETED_DEVICE_FAMILY = 1;
			};
			name = Debug;
		};
		0C0A1E0523765D94004F886B /* Release */ = {
			isa = XCBuildConfiguration;
			baseConfigurationReference = 31756E4037A34D7EB210BA53 /* Pods-OCDemoProject.release.xcconfig */;
			buildSettings = {
				ASSETCATALOG_COMPILER_APPICON_NAME = AppIcon;
				CODE_SIGN_STYLE = Automatic;
				DEVELOPMENT_TEAM = 99978K4746;
				GCC_PREFIX_HEADER = MyProject/Lanch/MyProject.pch;
				INFOPLIST_FILE = "$(SRCROOT)/MyProject/Lanch/Info.plist";
				IPHONEOS_DEPLOYMENT_TARGET = 10.0;
				LD_RUNPATH_SEARCH_PATHS = (
					"$(inherited)",
					"@executable_path/Frameworks",
				);
				PRODUCT_BUNDLE_IDENTIFIER = OC.Demo.MyProject;
				PRODUCT_NAME = "$(TARGET_NAME)";
				TARGETED_DEVICE_FAMILY = 1;
			};
			name = Release;
		};
/* End XCBuildConfiguration section */

/* Begin XCConfigurationList section */
		0C0A1DE523765D92004F886B /* Build configuration list for PBXProject "OCDemoProject" */ = {
			isa = XCConfigurationList;
			buildConfigurations = (
				0C0A1E0123765D94004F886B /* Debug */,
				0C0A1E0223765D94004F886B /* Release */,
			);
			defaultConfigurationIsVisible = 0;
			defaultConfigurationName = Release;
		};
		0C0A1E0323765D94004F886B /* Build configuration list for PBXNativeTarget "OCDemoProject" */ = {
			isa = XCConfigurationList;
			buildConfigurations = (
				0C0A1E0423765D94004F886B /* Debug */,
				0C0A1E0523765D94004F886B /* Release */,
			);
			defaultConfigurationIsVisible = 0;
			defaultConfigurationName = Release;
		};
/* End XCConfigurationList section */
	};
	rootObject = 0C0A1DE223765D92004F886B /* Project object */;
}
